<?xml version="1.0" encoding="utf-8"?>
<Project ToolsVersion="4.0" xmlns="http://schemas.microsoft.com/developer/msbuild/2003">
  <ItemGroup>
    <Filter Include="Resource Files">
      <UniqueIdentifier>{67DA6AB6-F800-4c08-8B7A-83BB121AAD01}</UniqueIdentifier>
      <Extensions>rc;ico;cur;bmp;dlg;rc2;rct;bin;rgs;gif;jpg;jpeg;jpe;resx;tiff;tif;png;wav;mfcribbon-ms</Extensions>
    </Filter>
    <Filter Include="Project Files">
      <UniqueIdentifier>{4FC737F1-C7A5-4376-A066-2A32D752A2FF}</UniqueIdentifier>
      <Extensions>cpp;c;cc;cxx;c++;cppm;ixx;def;odl;idl;hpj;bat;asm;asmx</Extensions>
    </Filter>
    <Filter Include="Dependencies">
      <UniqueIdentifier>{6a146a57-cc64-4a50-901d-21cb67b85355}</UniqueIdentifier>
    </Filter>
    <Filter Include="Dependencies\imgui">
      <UniqueIdentifier>{46d00ac5-25d7-4c20-84c5-fe2a196b25f2}</UniqueIdentifier>
    </Filter>
    <Filter Include="Dependencies\stb">
      <UniqueIdentifier>{6afc4d38-6ea6-4544-b99b-ee4855b7abd6}</UniqueIdentifier>
    </Filter>
    <Filter Include="Project Files\sdk">
      <UniqueIdentifier>{aa06e3bd-7e56-4d63-86b4-9af7394f4e9b}</UniqueIdentifier>
    </Filter>
    <Filter Include="Project Files\entrypoint">
      <UniqueIdentifier>{c1064890-97bc-419b-8f8f-2e272c1bfc74}</UniqueIdentifier>
    </Filter>
    <Filter Include="Project Files\sdk\interfaces">
      <UniqueIdentifier>{78223a94-2229-4ad9-bbfe-98ea755a38f1}</UniqueIdentifier>
    </Filter>
    <Filter Include="Project Files\sdk\utilities">
      <UniqueIdentifier>{923aeca7-b547-4215-b669-309a54da3695}</UniqueIdentifier>
    </Filter>
    <Filter Include="Project Files\sdk\module">
      <UniqueIdentifier>{53fc9b31-50d4-41d3-9a95-5a2a6bca4f30}</UniqueIdentifier>
    </Filter>
    <Filter Include="Project Files\sdk\interface">
      <UniqueIdentifier>{a8d13c42-d2cf-46c6-86e3-a16bfa6f9df0}</UniqueIdentifier>
    </Filter>
    <Filter Include="Project Files\entrypoint\OpenSource2 SDK">
      <UniqueIdentifier>{f9fc1639-16de-4bda-ad31-9ae299290a75}</UniqueIdentifier>
    </Filter>
    <Filter Include="Project Files\sdk\memory">
      <UniqueIdentifier>{e830b16b-a564-43c9-8666-1cbfdfadff7b}</UniqueIdentifier>
    </Filter>
    <Filter Include="Project Files\sdk\hooks">
      <UniqueIdentifier>{c039a9bd-9e6f-4a98-a9ed-487edd2eeda0}</UniqueIdentifier>
    </Filter>
    <Filter Include="Project Files\sdk\hooks\platform">
      <UniqueIdentifier>{bd9698b2-6379-4b25-907e-13f690e190e9}</UniqueIdentifier>
    </Filter>
    <Filter Include="Project Files\sdk\hooks\platform\win32">
      <UniqueIdentifier>{84edd41d-0bc1-4819-ba26-76f93c20b42f}</UniqueIdentifier>
    </Filter>
    <Filter Include="Project Files\sdk\hooks\directx">
      <UniqueIdentifier>{2b4b0d3e-d1c0-414b-925d-85070fba1542}</UniqueIdentifier>
    </Filter>
    <Filter Include="Dependencies\implot">
      <UniqueIdentifier>{37a3704a-f4b8-49c4-8db2-b20e99b455ca}</UniqueIdentifier>
    </Filter>
    <Filter Include="Dependencies\glm">
      <UniqueIdentifier>{8a9b5577-46ca-49ce-a901-380de5bddf6c}</UniqueIdentifier>
    </Filter>
    <Filter Include="Dependencies\funchook">
      <UniqueIdentifier>{cc76c79b-d615-4cf3-8b30-ec128b9c7f17}</UniqueIdentifier>
    </Filter>
    <Filter Include="Project Files\sdk\virtual">
      <UniqueIdentifier>{7f505d7b-cb66-4a55-8e9d-5a3f482aee82}</UniqueIdentifier>
    </Filter>
    <Filter Include="Dependencies\funchook\include">
      <UniqueIdentifier>{6ec07606-74b4-45fc-95fb-7c5e17322586}</UniqueIdentifier>
    </Filter>
    <Filter Include="Dependencies\funchook\src">
      <UniqueIdentifier>{e125bb2a-238c-4e3b-b675-41b1ea5c22d2}</UniqueIdentifier>
    </Filter>
    <Filter Include="Project Files\sdk\source-sdk">
      <UniqueIdentifier>{ad8c04c7-ee46-4222-b089-decc752b3637}</UniqueIdentifier>
    </Filter>
    <Filter Include="Project Files\sdk\source-sdk\interfaces">
      <UniqueIdentifier>{433fedf2-b3d0-4209-94f2-bd9ddc53c5f9}</UniqueIdentifier>
    </Filter>
    <Filter Include="Resource Files\Shaders">
      <UniqueIdentifier>{4bd0f7b4-aeeb-41db-8053-8aed99c19190}</UniqueIdentifier>
    </Filter>
    <Filter Include="Project Files\sdk\source-sdk\classes">
      <UniqueIdentifier>{6aa9d91a-e0bd-4ce7-af15-6b4acbe753bc}</UniqueIdentifier>
    </Filter>
    <Filter Include="Dependencies\glm\detail">
      <UniqueIdentifier>{48cba498-b1d7-4970-bde2-29e79b9613d8}</UniqueIdentifier>
    </Filter>
    <Filter Include="Dependencies\glm\ext">
      <UniqueIdentifier>{d640d99b-f037-4103-8f39-150b6d18cb1a}</UniqueIdentifier>
    </Filter>
    <Filter Include="Dependencies\glm\gtc">
      <UniqueIdentifier>{42fd29a0-44cb-4534-bcc4-ba9fc4526083}</UniqueIdentifier>
    </Filter>
    <Filter Include="Dependencies\glm\gtx">
      <UniqueIdentifier>{8f4ed51c-ed6e-4439-987a-6b877f1f3b7a}</UniqueIdentifier>
    </Filter>
    <Filter Include="Dependencies\glm\simd">
      <UniqueIdentifier>{ae32dcc8-8257-46a3-bfcf-968af3f68023}</UniqueIdentifier>
    </Filter>
    <Filter Include="Project Files\features">
      <UniqueIdentifier>{06005740-8f88-43f9-be08-d049fc23cccd}</UniqueIdentifier>
    </Filter>
    <Filter Include="Project Files\sdk\source-sdk\classes\entity">
      <UniqueIdentifier>{ae9d0b00-6456-474c-abcb-10542f1537a0}</UniqueIdentifier>
    </Filter>
    <Filter Include="Project Files\sdk\schema">
      <UniqueIdentifier>{f6b511ad-bb1c-45e5-b04f-18dec69721f9}</UniqueIdentifier>
    </Filter>
    <Filter Include="Project Files\sdk\fnv1a">
      <UniqueIdentifier>{0d7831b0-7156-425b-bb4f-acb389f9d25e}</UniqueIdentifier>
    </Filter>
    <Filter Include="Project Files\features\esp">
      <UniqueIdentifier>{11281a0e-0407-4596-8bcb-d9e8c89f5d9b}</UniqueIdentifier>
    </Filter>
    <Filter Include="Project Files\features\game_hooks">
      <UniqueIdentifier>{dd2aac49-7a76-4a1d-a460-af79f1ad10ab}</UniqueIdentifier>
    </Filter>
    <Filter Include="Resource Files\Fonts">
      <UniqueIdentifier>{9df05b09-988c-4a53-bef0-8b0493889e3d}</UniqueIdentifier>
    </Filter>
    <Filter Include="Resource Files\Fonts\Icons">
      <UniqueIdentifier>{b00d6f1d-3d72-4b1c-a9e1-8e1651b35b91}</UniqueIdentifier>
    </Filter>
    <Filter Include="Project Files\sdk\source-sdk\classes\econ">
      <UniqueIdentifier>{66791ce1-eb68-4a68-93c7-7497a9c1bb18}</UniqueIdentifier>
    </Filter>
    <Filter Include="Project Files\sdk\source-sdk\classes\entity\bones">
      <UniqueIdentifier>{b15b4f0b-95ac-495a-9017-491943d3d456}</UniqueIdentifier>
    </Filter>
    <Filter Include="Project Files\sdk\math">
      <UniqueIdentifier>{2aa72b25-8d3a-4211-832b-7af919ceb2a0}</UniqueIdentifier>
    </Filter>
    <Filter Include="Project Files\sdk\math\classes">
      <UniqueIdentifier>{d4282b9e-439b-4e5d-9acc-9d60a18a71a9}</UniqueIdentifier>
    </Filter>
    <Filter Include="Project Files\essentials">
      <UniqueIdentifier>{5128d9d5-a459-477c-ba13-8545b11f33a5}</UniqueIdentifier>
    </Filter>
    <Filter Include="Project Files\essentials\gamedata">
      <UniqueIdentifier>{bfb34e68-aa66-4be6-9966-854170529f49}</UniqueIdentifier>
    </Filter>
    <Filter Include="Project Files\sdk\source-sdk\classes\gcsdk">
      <UniqueIdentifier>{10e43e2c-6a09-4284-929c-d6f6f1ff9655}</UniqueIdentifier>
    </Filter>
    <Filter Include="Project Files\features\movement">
      <UniqueIdentifier>{22e75e60-990c-4f68-9a24-0b9ab0ebb668}</UniqueIdentifier>
    </Filter>
    <Filter Include="Project Files\features\movement\bunnyhop">
      <UniqueIdentifier>{3d709022-6664-4dbc-bdff-c5d5c2935dbf}</UniqueIdentifier>
    </Filter>
    <Filter Include="Project Files\menu">
      <UniqueIdentifier>{6cf78be5-1591-4701-b259-ba3a2af0d062}</UniqueIdentifier>
    </Filter>
    <Filter Include="Project Files\features\aim enhancement">
      <UniqueIdentifier>{f038f5d3-1917-49d3-9415-165f507dc330}</UniqueIdentifier>
    </Filter>
    <Filter Include="Project Files\menu\components">
      <UniqueIdentifier>{f9d389b1-8749-43f3-888d-cd5d48320e0d}</UniqueIdentifier>
    </Filter>
    <Filter Include="Project Files\features\aim enhancement\recoil_control">
      <UniqueIdentifier>{d83bca3a-9b58-46ab-973d-097c01f37ac0}</UniqueIdentifier>
    </Filter>
    <Filter Include="Project Files\essentials\game">
      <UniqueIdentifier>{75c63402-b5dc-4dde-b90c-eb802482762c}</UniqueIdentifier>
    </Filter>
    <Filter Include="Project Files\features\helpers">
      <UniqueIdentifier>{134f49d7-2747-4b17-82d1-1c0693c60979}</UniqueIdentifier>
    </Filter>
    <Filter Include="Project Files\sdk\source-sdk\classes\types">
      <UniqueIdentifier>{5cc60ae6-cf05-4ef7-a48a-b5237d9a9b50}</UniqueIdentifier>
    </Filter>
    <Filter Include="Project Files\sdk\config">
      <UniqueIdentifier>{59086dbf-2211-47c0-b8a9-fd84c9762f06}</UniqueIdentifier>
    </Filter>
    <Filter Include="Dependencies\json">
      <UniqueIdentifier>{89f52824-b059-4ff3-b956-e9c4a3111d84}</UniqueIdentifier>
    </Filter>
    <Filter Include="Dependencies\json\thirdparty">
      <UniqueIdentifier>{7ee29b04-cb87-4e66-8b0b-4407155c73bd}</UniqueIdentifier>
    </Filter>
    <Filter Include="Dependencies\json\thirdparty\hedley">
      <UniqueIdentifier>{3bc6f66b-20b6-49e5-ab09-3d68e72157e5}</UniqueIdentifier>
    </Filter>
    <Filter Include="Dependencies\json\detail">
      <UniqueIdentifier>{b4a39ec7-cd6a-4233-983f-81db869a5ee6}</UniqueIdentifier>
    </Filter>
    <Filter Include="Dependencies\json\detail\conversions">
      <UniqueIdentifier>{64917d43-0325-4052-9ceb-97d52e93b393}</UniqueIdentifier>
    </Filter>
    <Filter Include="Dependencies\json\detail\input">
      <UniqueIdentifier>{5bce392a-2ddb-4416-b984-b0518022eb60}</UniqueIdentifier>
    </Filter>
    <Filter Include="Dependencies\json\detail\iterators">
      <UniqueIdentifier>{45ee21bb-fc41-49d9-98ec-5d1262fdc1e4}</UniqueIdentifier>
    </Filter>
    <Filter Include="Dependencies\json\detail\meta">
      <UniqueIdentifier>{ef4880ca-4dcf-4b49-8b54-41a2ce8f2ace}</UniqueIdentifier>
    </Filter>
    <Filter Include="Dependencies\json\detail\meta\call_std">
      <UniqueIdentifier>{69dc37be-1f64-4a79-b07b-0575404e1587}</UniqueIdentifier>
    </Filter>
    <Filter Include="Dependencies\json\detail\output">
      <UniqueIdentifier>{2214d276-82a0-4e86-a49e-3956da658752}</UniqueIdentifier>
    </Filter>
    <Filter Include="Project Files\features\helpers\post_processing">
      <UniqueIdentifier>{3c4c25fe-aef2-4b25-8524-22f497eca6b2}</UniqueIdentifier>
    </Filter>
    <Filter Include="Project Files\features\triggerbot">
      <UniqueIdentifier>{ea6d5f60-dc4d-455f-83ac-170d80f15c4d}</UniqueIdentifier>
    </Filter>
  </ItemGroup>
  <ItemGroup>
    <ClCompile Include="src\entrypoint\dllmain.cpp">
      <Filter>Project Files\entrypoint</Filter>
    </ClCompile>
    <ClCompile Include="dependencies\imgui\imgui.cpp">
      <Filter>Dependencies\imgui</Filter>
    </ClCompile>
    <ClCompile Include="dependencies\imgui\imgui_demo.cpp">
      <Filter>Dependencies\imgui</Filter>
    </ClCompile>
    <ClCompile Include="dependencies\imgui\imgui_draw.cpp">
      <Filter>Dependencies\imgui</Filter>
    </ClCompile>
    <ClCompile Include="dependencies\imgui\imgui_tables.cpp">
      <Filter>Dependencies\imgui</Filter>
    </ClCompile>
    <ClCompile Include="dependencies\imgui\imgui_widgets.cpp">
      <Filter>Dependencies\imgui</Filter>
    </ClCompile>
    <ClCompile Include="dependencies\imgui\backends\imgui_impl_dx11.cpp">
      <Filter>Dependencies\imgui</Filter>
    </ClCompile>
    <ClCompile Include="dependencies\imgui\backends\imgui_impl_win32.cpp">
      <Filter>Dependencies\imgui</Filter>
    </ClCompile>
    <ClCompile Include="src\entrypoint\OpenSource2SDK.cpp">
      <Filter>Project Files\entrypoint\OpenSource2 SDK</Filter>
    </ClCompile>
    <ClCompile Include="src\sdk\interfaces\interfaces.cpp">
      <Filter>Project Files\sdk\interfaces</Filter>
    </ClCompile>
    <ClCompile Include="src\sdk\memory\memory.cpp">
      <Filter>Project Files\sdk\memory</Filter>
    </ClCompile>
    <ClCompile Include="src\sdk\hooks\wndproc\wndproc_hook.cpp">
      <Filter>Project Files\sdk\hooks\platform\win32</Filter>
    </ClCompile>
    <ClCompile Include="src\sdk\hooks\directx11\directx11_hook.cpp">
      <Filter>Project Files\sdk\hooks\directx</Filter>
    </ClCompile>
    <ClCompile Include="dependencies\implot\implot.cpp">
      <Filter>Dependencies\implot</Filter>
    </ClCompile>
    <ClCompile Include="dependencies\implot\implot_demo.cpp">
      <Filter>Dependencies\implot</Filter>
    </ClCompile>
    <ClCompile Include="dependencies\implot\implot_items.cpp">
      <Filter>Dependencies\implot</Filter>
    </ClCompile>
    <ClCompile Include="src\sdk\hooks\hooks.cpp">
      <Filter>Project Files\sdk\hooks</Filter>
    </ClCompile>
    <ClCompile Include="dependencies\funchook\src\decoder.c">
      <Filter>Dependencies\funchook\src</Filter>
    </ClCompile>
    <ClCompile Include="dependencies\funchook\src\disasm_distorm.c">
      <Filter>Dependencies\funchook\src</Filter>
    </ClCompile>
    <ClCompile Include="dependencies\funchook\src\distorm.c">
      <Filter>Dependencies\funchook\src</Filter>
    </ClCompile>
    <ClCompile Include="dependencies\funchook\src\funchook.c">
      <Filter>Dependencies\funchook\src</Filter>
    </ClCompile>
    <ClCompile Include="dependencies\funchook\src\funchook_windows.c">
      <Filter>Dependencies\funchook\src</Filter>
    </ClCompile>
    <ClCompile Include="dependencies\funchook\src\funchook_x86.c">
      <Filter>Dependencies\funchook\src</Filter>
    </ClCompile>
    <ClCompile Include="dependencies\funchook\src\instructions.c">
      <Filter>Dependencies\funchook\src</Filter>
    </ClCompile>
    <ClCompile Include="dependencies\funchook\src\insts.c">
      <Filter>Dependencies\funchook\src</Filter>
    </ClCompile>
    <ClCompile Include="dependencies\funchook\src\mnemonics.c">
      <Filter>Dependencies\funchook\src</Filter>
    </ClCompile>
    <ClCompile Include="dependencies\funchook\src\operands.c">
      <Filter>Dependencies\funchook\src</Filter>
    </ClCompile>
    <ClCompile Include="dependencies\funchook\src\prefix.c">
      <Filter>Dependencies\funchook\src</Filter>
    </ClCompile>
    <ClCompile Include="dependencies\funchook\src\textdefs.c">
      <Filter>Dependencies\funchook\src</Filter>
    </ClCompile>
    <ClCompile Include="dependencies\glm\glm\detail\glm.cpp">
      <Filter>Dependencies\glm\detail</Filter>
    </ClCompile>
    <ClCompile Include="src\sdk\schema\schema.cpp">
      <Filter>Project Files\sdk\schema</Filter>
    </ClCompile>
    <ClCompile Include="src\features\game_hooks\game_hooks.cpp">
      <Filter>Project Files\features\game_hooks</Filter>
    </ClCompile>
    <ClCompile Include="src\features\esp\esp.cpp">
      <Filter>Project Files\features\esp</Filter>
    </ClCompile>
    <ClCompile Include="src\sdk\source-sdk\classes\econ\ceconitem.cpp">
      <Filter>Project Files\sdk\source-sdk\classes\econ</Filter>
    </ClCompile>
    <ClCompile Include="src\sdk\source-sdk\classes\econ\ceconitemdefinition.cpp">
      <Filter>Project Files\sdk\source-sdk\classes\econ</Filter>
    </ClCompile>
    <ClCompile Include="src\sdk\source-sdk\classes\econ\ceconitemschema.cpp">
      <Filter>Project Files\sdk\source-sdk\classes\econ</Filter>
    </ClCompile>
    <ClCompile Include="src\sdk\math\math.cpp">
      <Filter>Project Files\sdk\math</Filter>
    </ClCompile>
    <ClCompile Include="src\gamedata\gamedata.cpp">
      <Filter>Project Files\essentials\gamedata</Filter>
    </ClCompile>
    <ClCompile Include="src\sdk\source-sdk\classes\econ\c_econitemview.cpp">
      <Filter>Project Files\sdk\source-sdk\classes\econ</Filter>
    </ClCompile>
    <ClCompile Include="src\sdk\source-sdk\classes\entity\c_baseentity.cpp">
      <Filter>Project Files\sdk\source-sdk\classes\entity</Filter>
    </ClCompile>
    <ClCompile Include="src\sdk\source-sdk\classes\entity\c_basemodelentity.cpp">
      <Filter>Project Files\sdk\source-sdk\classes\entity</Filter>
    </ClCompile>
    <ClCompile Include="src\sdk\source-sdk\classes\entity\c_csplayerpawn.cpp">
      <Filter>Project Files\sdk\source-sdk\classes\entity</Filter>
    </ClCompile>
    <ClCompile Include="src\sdk\source-sdk\classes\entity\c_csweaponbase.cpp">
      <Filter>Project Files\sdk\source-sdk\classes\entity</Filter>
    </ClCompile>
    <ClCompile Include="src\sdk\source-sdk\classes\entity\cgamescenenode.cpp">
      <Filter>Project Files\sdk\source-sdk\classes\entity</Filter>
    </ClCompile>
    <ClCompile Include="src\sdk\source-sdk\classes\chandle.cpp">
      <Filter>Project Files\sdk\source-sdk\classes</Filter>
    </ClCompile>
    <ClCompile Include="src\sdk\source-sdk\classes\cgameentitysystem.cpp">
      <Filter>Project Files\sdk\source-sdk\classes</Filter>
    </ClCompile>
    <ClCompile Include="src\sdk\source-sdk\classes\gcsdk\cgcclientsystem.cpp">
      <Filter>Project Files\sdk\source-sdk\classes\gcsdk</Filter>
    </ClCompile>
    <ClCompile Include="src\sdk\source-sdk\classes\gcsdk\cgcclient.cpp">
      <Filter>Project Files\sdk\source-sdk\classes\gcsdk</Filter>
    </ClCompile>
    <ClCompile Include="src\sdk\source-sdk\classes\entity\bones\cbonesystem.cpp">
      <Filter>Project Files\sdk\source-sdk\classes\entity\bones</Filter>
    </ClCompile>
    <ClCompile Include="src\features\movement\bunnyhop.cpp">
      <Filter>Project Files\features\movement\bunnyhop</Filter>
    </ClCompile>
    <ClCompile Include="src\menu\menu.cpp">
      <Filter>Project Files\menu</Filter>
    </ClCompile>
    <ClCompile Include="src\menu\components\TopBar.cpp">
      <Filter>Project Files\menu\components</Filter>
    </ClCompile>
    <ClCompile Include="src\features\aim_enhancement\recoil_control.cpp">
      <Filter>Project Files\features\aim enhancement\recoil_control</Filter>
    </ClCompile>
    <ClCompile Include="src\game\renderer.cpp">
      <Filter>Project Files\essentials\game</Filter>
    </ClCompile>
    <ClCompile Include="src\sdk\config\config.cpp">
      <Filter>Project Files\sdk\config</Filter>
    </ClCompile>
    <ClCompile Include="src\features\helpers\draw_utilities.cpp">
      <Filter>Project Files\features\helpers</Filter>
    </ClCompile>
    <ClCompile Include="src\features\helpers\post_processing.cpp">
      <Filter>Project Files\features\helpers\post_processing</Filter>
    </ClCompile>
    <ClCompile Include="src\features\triggerbot\triggerbot.cpp">
      <Filter>Project Files\features\triggerbot</Filter>
    </ClCompile>
    <ClCompile Include="src\sdk\source-sdk\classes\types\c_trace.cpp">
      <Filter>Project Files\sdk\source-sdk\classes\types</Filter>
    </ClCompile>
  </ItemGroup>
  <ItemGroup>
    <ClInclude Include="src\sdk\utilities\static_string.hpp">
      <Filter>Project Files\sdk\utilities</Filter>
    </ClInclude>
    <ClInclude Include="src\sdk\framework.hpp">
      <Filter>Project Files\sdk</Filter>
    </ClInclude>
    <ClInclude Include="dependencies\imgui\imconfig.h">
      <Filter>Dependencies\imgui</Filter>
    </ClInclude>
    <ClInclude Include="dependencies\imgui\imgui.h">
      <Filter>Dependencies\imgui</Filter>
    </ClInclude>
    <ClInclude Include="dependencies\imgui\imgui_internal.h">
      <Filter>Dependencies\imgui</Filter>
    </ClInclude>
    <ClInclude Include="dependencies\imgui\imstb_rectpack.h">
      <Filter>Dependencies\imgui</Filter>
    </ClInclude>
    <ClInclude Include="dependencies\imgui\imstb_textedit.h">
      <Filter>Dependencies\imgui</Filter>
    </ClInclude>
    <ClInclude Include="dependencies\imgui\imstb_truetype.h">
      <Filter>Dependencies\imgui</Filter>
    </ClInclude>
    <ClInclude Include="dependencies\imgui\backends\imgui_impl_dx11.h">
      <Filter>Dependencies\imgui</Filter>
    </ClInclude>
    <ClInclude Include="dependencies\imgui\backends\imgui_impl_win32.h">
      <Filter>Dependencies\imgui</Filter>
    </ClInclude>
    <ClInclude Include="dependencies\stb\include\stb.hh">
      <Filter>Dependencies\stb</Filter>
    </ClInclude>
    <ClInclude Include="src\sdk\module\module.hpp">
      <Filter>Project Files\sdk\module</Filter>
    </ClInclude>
    <ClInclude Include="src\sdk\interface\interface.hpp">
      <Filter>Project Files\sdk\interface</Filter>
    </ClInclude>
    <ClInclude Include="src\entrypoint\OpenSource2SDK.hpp">
      <Filter>Project Files\entrypoint\OpenSource2 SDK</Filter>
    </ClInclude>
    <ClInclude Include="src\sdk\interfaces\interfaces.hpp">
      <Filter>Project Files\sdk\interfaces</Filter>
    </ClInclude>
    <ClInclude Include="src\sdk\memory\memory.hpp">
      <Filter>Project Files\sdk\memory</Filter>
    </ClInclude>
    <ClInclude Include="src\sdk\api.hpp">
      <Filter>Project Files</Filter>
    </ClInclude>
    <ClInclude Include="src\sdk\hooks\hooks.hpp">
      <Filter>Project Files\sdk\hooks</Filter>
    </ClInclude>
    <ClInclude Include="src\sdk\hooks\wndproc\wndproc_hook.hpp">
      <Filter>Project Files\sdk\hooks\platform\win32</Filter>
    </ClInclude>
    <ClInclude Include="src\sdk\hooks\directx11\directx11_hook.hpp">
      <Filter>Project Files\sdk\hooks\directx</Filter>
    </ClInclude>
    <ClInclude Include="src\sdk\hooks\hook.hpp">
      <Filter>Project Files\sdk\hooks</Filter>
    </ClInclude>
    <ClInclude Include="src\sdk\virtual\virtual.hpp">
      <Filter>Project Files\sdk\virtual</Filter>
    </ClInclude>
    <ClInclude Include="dependencies\implot\implot.h">
      <Filter>Dependencies\implot</Filter>
    </ClInclude>
    <ClInclude Include="dependencies\implot\implot_internal.h">
      <Filter>Dependencies\implot</Filter>
    </ClInclude>
    <ClInclude Include="dependencies\funchook\src\config.h">
      <Filter>Dependencies\funchook\src</Filter>
    </ClInclude>
    <ClInclude Include="dependencies\funchook\src\decoder.h">
      <Filter>Dependencies\funchook\src</Filter>
    </ClInclude>
    <ClInclude Include="dependencies\funchook\src\disasm.h">
      <Filter>Dependencies\funchook\src</Filter>
    </ClInclude>
    <ClInclude Include="dependencies\funchook\src\funchook.h">
      <Filter>Dependencies\funchook\src</Filter>
    </ClInclude>
    <ClInclude Include="dependencies\funchook\src\funchook_internal.h">
      <Filter>Dependencies\funchook\src</Filter>
    </ClInclude>
    <ClInclude Include="dependencies\funchook\src\funchook_x86.h">
      <Filter>Dependencies\funchook\src</Filter>
    </ClInclude>
    <ClInclude Include="dependencies\funchook\src\instructions.h">
      <Filter>Dependencies\funchook\src</Filter>
    </ClInclude>
    <ClInclude Include="dependencies\funchook\src\insts.h">
      <Filter>Dependencies\funchook\src</Filter>
    </ClInclude>
    <ClInclude Include="dependencies\funchook\src\operands.h">
      <Filter>Dependencies\funchook\src</Filter>
    </ClInclude>
    <ClInclude Include="dependencies\funchook\src\prefix.h">
      <Filter>Dependencies\funchook\src</Filter>
    </ClInclude>
    <ClInclude Include="dependencies\funchook\src\textdefs.h">
      <Filter>Dependencies\funchook\src</Filter>
    </ClInclude>
    <ClInclude Include="dependencies\funchook\src\wstring.h">
      <Filter>Dependencies\funchook\src</Filter>
    </ClInclude>
    <ClInclude Include="dependencies\funchook\src\x86defs.h">
      <Filter>Dependencies\funchook\src</Filter>
    </ClInclude>
    <ClInclude Include="dependencies\funchook\include\distorm.h">
      <Filter>Dependencies\funchook\include</Filter>
    </ClInclude>
    <ClInclude Include="dependencies\funchook\include\mnemonics.h">
      <Filter>Dependencies\funchook\include</Filter>
    </ClInclude>
    <ClInclude Include="src\sdk\source-sdk\interfaces\cinputsystem.hpp">
      <Filter>Project Files\sdk\source-sdk\interfaces</Filter>
    </ClInclude>
    <ClInclude Include="src\sdk\shaders\build\gaussian_blur.hpp" />
    <ClInclude Include="src\sdk\source-sdk\source-sdk.hpp">
      <Filter>Project Files\sdk\source-sdk</Filter>
    </ClInclude>
    <ClInclude Include="dependencies\glm\glm\common.hpp">
      <Filter>Dependencies\glm</Filter>
    </ClInclude>
    <ClInclude Include="dependencies\glm\glm\exponential.hpp">
      <Filter>Dependencies\glm</Filter>
    </ClInclude>
    <ClInclude Include="dependencies\glm\glm\ext.hpp">
      <Filter>Dependencies\glm</Filter>
    </ClInclude>
    <ClInclude Include="dependencies\glm\glm\fwd.hpp">
      <Filter>Dependencies\glm</Filter>
    </ClInclude>
    <ClInclude Include="dependencies\glm\glm\geometric.hpp">
      <Filter>Dependencies\glm</Filter>
    </ClInclude>
    <ClInclude Include="dependencies\glm\glm\glm.hpp">
      <Filter>Dependencies\glm</Filter>
    </ClInclude>
    <ClInclude Include="dependencies\glm\glm\integer.hpp">
      <Filter>Dependencies\glm</Filter>
    </ClInclude>
    <ClInclude Include="dependencies\glm\glm\mat2x2.hpp">
      <Filter>Dependencies\glm</Filter>
    </ClInclude>
    <ClInclude Include="dependencies\glm\glm\mat2x3.hpp">
      <Filter>Dependencies\glm</Filter>
    </ClInclude>
    <ClInclude Include="dependencies\glm\glm\mat2x4.hpp">
      <Filter>Dependencies\glm</Filter>
    </ClInclude>
    <ClInclude Include="dependencies\glm\glm\mat3x2.hpp">
      <Filter>Dependencies\glm</Filter>
    </ClInclude>
    <ClInclude Include="dependencies\glm\glm\mat3x3.hpp">
      <Filter>Dependencies\glm</Filter>
    </ClInclude>
    <ClInclude Include="dependencies\glm\glm\mat3x4.hpp">
      <Filter>Dependencies\glm</Filter>
    </ClInclude>
    <ClInclude Include="dependencies\glm\glm\mat4x2.hpp">
      <Filter>Dependencies\glm</Filter>
    </ClInclude>
    <ClInclude Include="dependencies\glm\glm\mat4x3.hpp">
      <Filter>Dependencies\glm</Filter>
    </ClInclude>
    <ClInclude Include="dependencies\glm\glm\mat4x4.hpp">
      <Filter>Dependencies\glm</Filter>
    </ClInclude>
    <ClInclude Include="dependencies\glm\glm\matrix.hpp">
      <Filter>Dependencies\glm</Filter>
    </ClInclude>
    <ClInclude Include="dependencies\glm\glm\packing.hpp">
      <Filter>Dependencies\glm</Filter>
    </ClInclude>
    <ClInclude Include="dependencies\glm\glm\trigonometric.hpp">
      <Filter>Dependencies\glm</Filter>
    </ClInclude>
    <ClInclude Include="dependencies\glm\glm\vec2.hpp">
      <Filter>Dependencies\glm</Filter>
    </ClInclude>
    <ClInclude Include="dependencies\glm\glm\vec3.hpp">
      <Filter>Dependencies\glm</Filter>
    </ClInclude>
    <ClInclude Include="dependencies\glm\glm\vec4.hpp">
      <Filter>Dependencies\glm</Filter>
    </ClInclude>
    <ClInclude Include="dependencies\glm\glm\vector_relational.hpp">
      <Filter>Dependencies\glm</Filter>
    </ClInclude>
    <ClInclude Include="dependencies\glm\glm\detail\_features.hpp">
      <Filter>Dependencies\glm\detail</Filter>
    </ClInclude>
    <ClInclude Include="dependencies\glm\glm\detail\_fixes.hpp">
      <Filter>Dependencies\glm\detail</Filter>
    </ClInclude>
    <ClInclude Include="dependencies\glm\glm\detail\_noise.hpp">
      <Filter>Dependencies\glm\detail</Filter>
    </ClInclude>
    <ClInclude Include="dependencies\glm\glm\detail\_swizzle.hpp">
      <Filter>Dependencies\glm\detail</Filter>
    </ClInclude>
    <ClInclude Include="dependencies\glm\glm\detail\_swizzle_func.hpp">
      <Filter>Dependencies\glm\detail</Filter>
    </ClInclude>
    <ClInclude Include="dependencies\glm\glm\detail\_vectorize.hpp">
      <Filter>Dependencies\glm\detail</Filter>
    </ClInclude>
    <ClInclude Include="dependencies\glm\glm\detail\compute_common.hpp">
      <Filter>Dependencies\glm\detail</Filter>
    </ClInclude>
    <ClInclude Include="dependencies\glm\glm\detail\compute_vector_relational.hpp">
      <Filter>Dependencies\glm\detail</Filter>
    </ClInclude>
    <ClInclude Include="dependencies\glm\glm\detail\qualifier.hpp">
      <Filter>Dependencies\glm\detail</Filter>
    </ClInclude>
    <ClInclude Include="dependencies\glm\glm\detail\setup.hpp">
      <Filter>Dependencies\glm\detail</Filter>
    </ClInclude>
    <ClInclude Include="dependencies\glm\glm\detail\type_float.hpp">
      <Filter>Dependencies\glm\detail</Filter>
    </ClInclude>
    <ClInclude Include="dependencies\glm\glm\detail\type_half.hpp">
      <Filter>Dependencies\glm\detail</Filter>
    </ClInclude>
    <ClInclude Include="dependencies\glm\glm\detail\type_mat2x2.hpp">
      <Filter>Dependencies\glm\detail</Filter>
    </ClInclude>
    <ClInclude Include="dependencies\glm\glm\detail\type_mat2x3.hpp">
      <Filter>Dependencies\glm\detail</Filter>
    </ClInclude>
    <ClInclude Include="dependencies\glm\glm\detail\type_mat2x4.hpp">
      <Filter>Dependencies\glm\detail</Filter>
    </ClInclude>
    <ClInclude Include="dependencies\glm\glm\detail\type_mat3x2.hpp">
      <Filter>Dependencies\glm\detail</Filter>
    </ClInclude>
    <ClInclude Include="dependencies\glm\glm\detail\type_mat3x3.hpp">
      <Filter>Dependencies\glm\detail</Filter>
    </ClInclude>
    <ClInclude Include="dependencies\glm\glm\detail\type_mat3x4.hpp">
      <Filter>Dependencies\glm\detail</Filter>
    </ClInclude>
    <ClInclude Include="dependencies\glm\glm\detail\type_mat4x2.hpp">
      <Filter>Dependencies\glm\detail</Filter>
    </ClInclude>
    <ClInclude Include="dependencies\glm\glm\detail\type_mat4x3.hpp">
      <Filter>Dependencies\glm\detail</Filter>
    </ClInclude>
    <ClInclude Include="dependencies\glm\glm\detail\type_mat4x4.hpp">
      <Filter>Dependencies\glm\detail</Filter>
    </ClInclude>
    <ClInclude Include="dependencies\glm\glm\detail\type_quat.hpp">
      <Filter>Dependencies\glm\detail</Filter>
    </ClInclude>
    <ClInclude Include="dependencies\glm\glm\detail\type_vec1.hpp">
      <Filter>Dependencies\glm\detail</Filter>
    </ClInclude>
    <ClInclude Include="dependencies\glm\glm\detail\type_vec2.hpp">
      <Filter>Dependencies\glm\detail</Filter>
    </ClInclude>
    <ClInclude Include="dependencies\glm\glm\detail\type_vec3.hpp">
      <Filter>Dependencies\glm\detail</Filter>
    </ClInclude>
    <ClInclude Include="dependencies\glm\glm\detail\type_vec4.hpp">
      <Filter>Dependencies\glm\detail</Filter>
    </ClInclude>
    <ClInclude Include="dependencies\glm\glm\ext\_matrix_vectorize.hpp">
      <Filter>Dependencies\glm\ext</Filter>
    </ClInclude>
    <ClInclude Include="dependencies\glm\glm\ext\matrix_clip_space.hpp">
      <Filter>Dependencies\glm\ext</Filter>
    </ClInclude>
    <ClInclude Include="dependencies\glm\glm\ext\matrix_common.hpp">
      <Filter>Dependencies\glm\ext</Filter>
    </ClInclude>
    <ClInclude Include="dependencies\glm\glm\ext\matrix_double2x2.hpp">
      <Filter>Dependencies\glm\ext</Filter>
    </ClInclude>
    <ClInclude Include="dependencies\glm\glm\ext\matrix_double2x2_precision.hpp">
      <Filter>Dependencies\glm\ext</Filter>
    </ClInclude>
    <ClInclude Include="dependencies\glm\glm\ext\matrix_double2x3.hpp">
      <Filter>Dependencies\glm\ext</Filter>
    </ClInclude>
    <ClInclude Include="dependencies\glm\glm\ext\matrix_double2x3_precision.hpp">
      <Filter>Dependencies\glm\ext</Filter>
    </ClInclude>
    <ClInclude Include="dependencies\glm\glm\ext\matrix_double2x4.hpp">
      <Filter>Dependencies\glm\ext</Filter>
    </ClInclude>
    <ClInclude Include="dependencies\glm\glm\ext\matrix_double2x4_precision.hpp">
      <Filter>Dependencies\glm\ext</Filter>
    </ClInclude>
    <ClInclude Include="dependencies\glm\glm\ext\matrix_double3x2.hpp">
      <Filter>Dependencies\glm\ext</Filter>
    </ClInclude>
    <ClInclude Include="dependencies\glm\glm\ext\matrix_double3x2_precision.hpp">
      <Filter>Dependencies\glm\ext</Filter>
    </ClInclude>
    <ClInclude Include="dependencies\glm\glm\ext\matrix_double3x3.hpp">
      <Filter>Dependencies\glm\ext</Filter>
    </ClInclude>
    <ClInclude Include="dependencies\glm\glm\ext\matrix_double3x3_precision.hpp">
      <Filter>Dependencies\glm\ext</Filter>
    </ClInclude>
    <ClInclude Include="dependencies\glm\glm\ext\matrix_double3x4.hpp">
      <Filter>Dependencies\glm\ext</Filter>
    </ClInclude>
    <ClInclude Include="dependencies\glm\glm\ext\matrix_double3x4_precision.hpp">
      <Filter>Dependencies\glm\ext</Filter>
    </ClInclude>
    <ClInclude Include="dependencies\glm\glm\ext\matrix_double4x2.hpp">
      <Filter>Dependencies\glm\ext</Filter>
    </ClInclude>
    <ClInclude Include="dependencies\glm\glm\ext\matrix_double4x2_precision.hpp">
      <Filter>Dependencies\glm\ext</Filter>
    </ClInclude>
    <ClInclude Include="dependencies\glm\glm\ext\matrix_double4x3.hpp">
      <Filter>Dependencies\glm\ext</Filter>
    </ClInclude>
    <ClInclude Include="dependencies\glm\glm\ext\matrix_double4x3_precision.hpp">
      <Filter>Dependencies\glm\ext</Filter>
    </ClInclude>
    <ClInclude Include="dependencies\glm\glm\ext\matrix_double4x4.hpp">
      <Filter>Dependencies\glm\ext</Filter>
    </ClInclude>
    <ClInclude Include="dependencies\glm\glm\ext\matrix_double4x4_precision.hpp">
      <Filter>Dependencies\glm\ext</Filter>
    </ClInclude>
    <ClInclude Include="dependencies\glm\glm\ext\matrix_float2x2.hpp">
      <Filter>Dependencies\glm\ext</Filter>
    </ClInclude>
    <ClInclude Include="dependencies\glm\glm\ext\matrix_float2x2_precision.hpp">
      <Filter>Dependencies\glm\ext</Filter>
    </ClInclude>
    <ClInclude Include="dependencies\glm\glm\ext\matrix_float2x3.hpp">
      <Filter>Dependencies\glm\ext</Filter>
    </ClInclude>
    <ClInclude Include="dependencies\glm\glm\ext\matrix_float2x3_precision.hpp">
      <Filter>Dependencies\glm\ext</Filter>
    </ClInclude>
    <ClInclude Include="dependencies\glm\glm\ext\matrix_float2x4.hpp">
      <Filter>Dependencies\glm\ext</Filter>
    </ClInclude>
    <ClInclude Include="dependencies\glm\glm\ext\matrix_float2x4_precision.hpp">
      <Filter>Dependencies\glm\ext</Filter>
    </ClInclude>
    <ClInclude Include="dependencies\glm\glm\ext\matrix_float3x2.hpp">
      <Filter>Dependencies\glm\ext</Filter>
    </ClInclude>
    <ClInclude Include="dependencies\glm\glm\ext\matrix_float3x2_precision.hpp">
      <Filter>Dependencies\glm\ext</Filter>
    </ClInclude>
    <ClInclude Include="dependencies\glm\glm\ext\matrix_float3x3.hpp">
      <Filter>Dependencies\glm\ext</Filter>
    </ClInclude>
    <ClInclude Include="dependencies\glm\glm\ext\matrix_float3x3_precision.hpp">
      <Filter>Dependencies\glm\ext</Filter>
    </ClInclude>
    <ClInclude Include="dependencies\glm\glm\ext\matrix_float3x4.hpp">
      <Filter>Dependencies\glm\ext</Filter>
    </ClInclude>
    <ClInclude Include="dependencies\glm\glm\ext\matrix_float3x4_precision.hpp">
      <Filter>Dependencies\glm\ext</Filter>
    </ClInclude>
    <ClInclude Include="dependencies\glm\glm\ext\matrix_float4x2.hpp">
      <Filter>Dependencies\glm\ext</Filter>
    </ClInclude>
    <ClInclude Include="dependencies\glm\glm\ext\matrix_float4x2_precision.hpp">
      <Filter>Dependencies\glm\ext</Filter>
    </ClInclude>
    <ClInclude Include="dependencies\glm\glm\ext\matrix_float4x3.hpp">
      <Filter>Dependencies\glm\ext</Filter>
    </ClInclude>
    <ClInclude Include="dependencies\glm\glm\ext\matrix_float4x3_precision.hpp">
      <Filter>Dependencies\glm\ext</Filter>
    </ClInclude>
    <ClInclude Include="dependencies\glm\glm\ext\matrix_float4x4.hpp">
      <Filter>Dependencies\glm\ext</Filter>
    </ClInclude>
    <ClInclude Include="dependencies\glm\glm\ext\matrix_float4x4_precision.hpp">
      <Filter>Dependencies\glm\ext</Filter>
    </ClInclude>
    <ClInclude Include="dependencies\glm\glm\ext\matrix_int2x2.hpp">
      <Filter>Dependencies\glm\ext</Filter>
    </ClInclude>
    <ClInclude Include="dependencies\glm\glm\ext\matrix_int2x2_sized.hpp">
      <Filter>Dependencies\glm\ext</Filter>
    </ClInclude>
    <ClInclude Include="dependencies\glm\glm\ext\matrix_int2x3.hpp">
      <Filter>Dependencies\glm\ext</Filter>
    </ClInclude>
    <ClInclude Include="dependencies\glm\glm\ext\matrix_int2x3_sized.hpp">
      <Filter>Dependencies\glm\ext</Filter>
    </ClInclude>
    <ClInclude Include="dependencies\glm\glm\ext\matrix_int2x4.hpp">
      <Filter>Dependencies\glm\ext</Filter>
    </ClInclude>
    <ClInclude Include="dependencies\glm\glm\ext\matrix_int2x4_sized.hpp">
      <Filter>Dependencies\glm\ext</Filter>
    </ClInclude>
    <ClInclude Include="dependencies\glm\glm\ext\matrix_int3x2.hpp">
      <Filter>Dependencies\glm\ext</Filter>
    </ClInclude>
    <ClInclude Include="dependencies\glm\glm\ext\matrix_int3x2_sized.hpp">
      <Filter>Dependencies\glm\ext</Filter>
    </ClInclude>
    <ClInclude Include="dependencies\glm\glm\ext\matrix_int3x3.hpp">
      <Filter>Dependencies\glm\ext</Filter>
    </ClInclude>
    <ClInclude Include="dependencies\glm\glm\ext\matrix_int3x3_sized.hpp">
      <Filter>Dependencies\glm\ext</Filter>
    </ClInclude>
    <ClInclude Include="dependencies\glm\glm\ext\matrix_int3x4.hpp">
      <Filter>Dependencies\glm\ext</Filter>
    </ClInclude>
    <ClInclude Include="dependencies\glm\glm\ext\matrix_int3x4_sized.hpp">
      <Filter>Dependencies\glm\ext</Filter>
    </ClInclude>
    <ClInclude Include="dependencies\glm\glm\ext\matrix_int4x2.hpp">
      <Filter>Dependencies\glm\ext</Filter>
    </ClInclude>
    <ClInclude Include="dependencies\glm\glm\ext\matrix_int4x2_sized.hpp">
      <Filter>Dependencies\glm\ext</Filter>
    </ClInclude>
    <ClInclude Include="dependencies\glm\glm\ext\matrix_int4x3.hpp">
      <Filter>Dependencies\glm\ext</Filter>
    </ClInclude>
    <ClInclude Include="dependencies\glm\glm\ext\matrix_int4x3_sized.hpp">
      <Filter>Dependencies\glm\ext</Filter>
    </ClInclude>
    <ClInclude Include="dependencies\glm\glm\ext\matrix_int4x4.hpp">
      <Filter>Dependencies\glm\ext</Filter>
    </ClInclude>
    <ClInclude Include="dependencies\glm\glm\ext\matrix_int4x4_sized.hpp">
      <Filter>Dependencies\glm\ext</Filter>
    </ClInclude>
    <ClInclude Include="dependencies\glm\glm\ext\matrix_integer.hpp">
      <Filter>Dependencies\glm\ext</Filter>
    </ClInclude>
    <ClInclude Include="dependencies\glm\glm\ext\matrix_projection.hpp">
      <Filter>Dependencies\glm\ext</Filter>
    </ClInclude>
    <ClInclude Include="dependencies\glm\glm\ext\matrix_relational.hpp">
      <Filter>Dependencies\glm\ext</Filter>
    </ClInclude>
    <ClInclude Include="dependencies\glm\glm\ext\matrix_transform.hpp">
      <Filter>Dependencies\glm\ext</Filter>
    </ClInclude>
    <ClInclude Include="dependencies\glm\glm\ext\matrix_uint2x2.hpp">
      <Filter>Dependencies\glm\ext</Filter>
    </ClInclude>
    <ClInclude Include="dependencies\glm\glm\ext\matrix_uint2x2_sized.hpp">
      <Filter>Dependencies\glm\ext</Filter>
    </ClInclude>
    <ClInclude Include="dependencies\glm\glm\ext\matrix_uint2x3.hpp">
      <Filter>Dependencies\glm\ext</Filter>
    </ClInclude>
    <ClInclude Include="dependencies\glm\glm\ext\matrix_uint2x3_sized.hpp">
      <Filter>Dependencies\glm\ext</Filter>
    </ClInclude>
    <ClInclude Include="dependencies\glm\glm\ext\matrix_uint2x4.hpp">
      <Filter>Dependencies\glm\ext</Filter>
    </ClInclude>
    <ClInclude Include="dependencies\glm\glm\ext\matrix_uint2x4_sized.hpp">
      <Filter>Dependencies\glm\ext</Filter>
    </ClInclude>
    <ClInclude Include="dependencies\glm\glm\ext\matrix_uint3x2.hpp">
      <Filter>Dependencies\glm\ext</Filter>
    </ClInclude>
    <ClInclude Include="dependencies\glm\glm\ext\matrix_uint3x2_sized.hpp">
      <Filter>Dependencies\glm\ext</Filter>
    </ClInclude>
    <ClInclude Include="dependencies\glm\glm\ext\matrix_uint3x3.hpp">
      <Filter>Dependencies\glm\ext</Filter>
    </ClInclude>
    <ClInclude Include="dependencies\glm\glm\ext\matrix_uint3x3_sized.hpp">
      <Filter>Dependencies\glm\ext</Filter>
    </ClInclude>
    <ClInclude Include="dependencies\glm\glm\ext\matrix_uint3x4.hpp">
      <Filter>Dependencies\glm\ext</Filter>
    </ClInclude>
    <ClInclude Include="dependencies\glm\glm\ext\matrix_uint3x4_sized.hpp">
      <Filter>Dependencies\glm\ext</Filter>
    </ClInclude>
    <ClInclude Include="dependencies\glm\glm\ext\matrix_uint4x2.hpp">
      <Filter>Dependencies\glm\ext</Filter>
    </ClInclude>
    <ClInclude Include="dependencies\glm\glm\ext\matrix_uint4x2_sized.hpp">
      <Filter>Dependencies\glm\ext</Filter>
    </ClInclude>
    <ClInclude Include="dependencies\glm\glm\ext\matrix_uint4x3.hpp">
      <Filter>Dependencies\glm\ext</Filter>
    </ClInclude>
    <ClInclude Include="dependencies\glm\glm\ext\matrix_uint4x3_sized.hpp">
      <Filter>Dependencies\glm\ext</Filter>
    </ClInclude>
    <ClInclude Include="dependencies\glm\glm\ext\matrix_uint4x4.hpp">
      <Filter>Dependencies\glm\ext</Filter>
    </ClInclude>
    <ClInclude Include="dependencies\glm\glm\ext\matrix_uint4x4_sized.hpp">
      <Filter>Dependencies\glm\ext</Filter>
    </ClInclude>
    <ClInclude Include="dependencies\glm\glm\ext\quaternion_common.hpp">
      <Filter>Dependencies\glm\ext</Filter>
    </ClInclude>
    <ClInclude Include="dependencies\glm\glm\ext\quaternion_double.hpp">
      <Filter>Dependencies\glm\ext</Filter>
    </ClInclude>
    <ClInclude Include="dependencies\glm\glm\ext\quaternion_double_precision.hpp">
      <Filter>Dependencies\glm\ext</Filter>
    </ClInclude>
    <ClInclude Include="dependencies\glm\glm\ext\quaternion_exponential.hpp">
      <Filter>Dependencies\glm\ext</Filter>
    </ClInclude>
    <ClInclude Include="dependencies\glm\glm\ext\quaternion_float.hpp">
      <Filter>Dependencies\glm\ext</Filter>
    </ClInclude>
    <ClInclude Include="dependencies\glm\glm\ext\quaternion_float_precision.hpp">
      <Filter>Dependencies\glm\ext</Filter>
    </ClInclude>
    <ClInclude Include="dependencies\glm\glm\ext\quaternion_geometric.hpp">
      <Filter>Dependencies\glm\ext</Filter>
    </ClInclude>
    <ClInclude Include="dependencies\glm\glm\ext\quaternion_relational.hpp">
      <Filter>Dependencies\glm\ext</Filter>
    </ClInclude>
    <ClInclude Include="dependencies\glm\glm\ext\quaternion_transform.hpp">
      <Filter>Dependencies\glm\ext</Filter>
    </ClInclude>
    <ClInclude Include="dependencies\glm\glm\ext\quaternion_trigonometric.hpp">
      <Filter>Dependencies\glm\ext</Filter>
    </ClInclude>
    <ClInclude Include="dependencies\glm\glm\ext\scalar_common.hpp">
      <Filter>Dependencies\glm\ext</Filter>
    </ClInclude>
    <ClInclude Include="dependencies\glm\glm\ext\scalar_constants.hpp">
      <Filter>Dependencies\glm\ext</Filter>
    </ClInclude>
    <ClInclude Include="dependencies\glm\glm\ext\scalar_int_sized.hpp">
      <Filter>Dependencies\glm\ext</Filter>
    </ClInclude>
    <ClInclude Include="dependencies\glm\glm\ext\scalar_integer.hpp">
      <Filter>Dependencies\glm\ext</Filter>
    </ClInclude>
    <ClInclude Include="dependencies\glm\glm\ext\scalar_packing.hpp">
      <Filter>Dependencies\glm\ext</Filter>
    </ClInclude>
    <ClInclude Include="dependencies\glm\glm\ext\scalar_reciprocal.hpp">
      <Filter>Dependencies\glm\ext</Filter>
    </ClInclude>
    <ClInclude Include="dependencies\glm\glm\ext\scalar_relational.hpp">
      <Filter>Dependencies\glm\ext</Filter>
    </ClInclude>
    <ClInclude Include="dependencies\glm\glm\ext\scalar_uint_sized.hpp">
      <Filter>Dependencies\glm\ext</Filter>
    </ClInclude>
    <ClInclude Include="dependencies\glm\glm\ext\scalar_ulp.hpp">
      <Filter>Dependencies\glm\ext</Filter>
    </ClInclude>
    <ClInclude Include="dependencies\glm\glm\ext\vector_bool1.hpp">
      <Filter>Dependencies\glm\ext</Filter>
    </ClInclude>
    <ClInclude Include="dependencies\glm\glm\ext\vector_bool1_precision.hpp">
      <Filter>Dependencies\glm\ext</Filter>
    </ClInclude>
    <ClInclude Include="dependencies\glm\glm\ext\vector_bool2.hpp">
      <Filter>Dependencies\glm\ext</Filter>
    </ClInclude>
    <ClInclude Include="dependencies\glm\glm\ext\vector_bool2_precision.hpp">
      <Filter>Dependencies\glm\ext</Filter>
    </ClInclude>
    <ClInclude Include="dependencies\glm\glm\ext\vector_bool3.hpp">
      <Filter>Dependencies\glm\ext</Filter>
    </ClInclude>
    <ClInclude Include="dependencies\glm\glm\ext\vector_bool3_precision.hpp">
      <Filter>Dependencies\glm\ext</Filter>
    </ClInclude>
    <ClInclude Include="dependencies\glm\glm\ext\vector_bool4.hpp">
      <Filter>Dependencies\glm\ext</Filter>
    </ClInclude>
    <ClInclude Include="dependencies\glm\glm\ext\vector_bool4_precision.hpp">
      <Filter>Dependencies\glm\ext</Filter>
    </ClInclude>
    <ClInclude Include="dependencies\glm\glm\ext\vector_common.hpp">
      <Filter>Dependencies\glm\ext</Filter>
    </ClInclude>
    <ClInclude Include="dependencies\glm\glm\ext\vector_double1.hpp">
      <Filter>Dependencies\glm\ext</Filter>
    </ClInclude>
    <ClInclude Include="dependencies\glm\glm\ext\vector_double1_precision.hpp">
      <Filter>Dependencies\glm\ext</Filter>
    </ClInclude>
    <ClInclude Include="dependencies\glm\glm\ext\vector_double2.hpp">
      <Filter>Dependencies\glm\ext</Filter>
    </ClInclude>
    <ClInclude Include="dependencies\glm\glm\ext\vector_double2_precision.hpp">
      <Filter>Dependencies\glm\ext</Filter>
    </ClInclude>
    <ClInclude Include="dependencies\glm\glm\ext\vector_double3.hpp">
      <Filter>Dependencies\glm\ext</Filter>
    </ClInclude>
    <ClInclude Include="dependencies\glm\glm\ext\vector_double3_precision.hpp">
      <Filter>Dependencies\glm\ext</Filter>
    </ClInclude>
    <ClInclude Include="dependencies\glm\glm\ext\vector_double4.hpp">
      <Filter>Dependencies\glm\ext</Filter>
    </ClInclude>
    <ClInclude Include="dependencies\glm\glm\ext\vector_double4_precision.hpp">
      <Filter>Dependencies\glm\ext</Filter>
    </ClInclude>
    <ClInclude Include="dependencies\glm\glm\ext\vector_float1.hpp">
      <Filter>Dependencies\glm\ext</Filter>
    </ClInclude>
    <ClInclude Include="dependencies\glm\glm\ext\vector_float1_precision.hpp">
      <Filter>Dependencies\glm\ext</Filter>
    </ClInclude>
    <ClInclude Include="dependencies\glm\glm\ext\vector_float2.hpp">
      <Filter>Dependencies\glm\ext</Filter>
    </ClInclude>
    <ClInclude Include="dependencies\glm\glm\ext\vector_float2_precision.hpp">
      <Filter>Dependencies\glm\ext</Filter>
    </ClInclude>
    <ClInclude Include="dependencies\glm\glm\ext\vector_float3.hpp">
      <Filter>Dependencies\glm\ext</Filter>
    </ClInclude>
    <ClInclude Include="dependencies\glm\glm\ext\vector_float3_precision.hpp">
      <Filter>Dependencies\glm\ext</Filter>
    </ClInclude>
    <ClInclude Include="dependencies\glm\glm\ext\vector_float4.hpp">
      <Filter>Dependencies\glm\ext</Filter>
    </ClInclude>
    <ClInclude Include="dependencies\glm\glm\ext\vector_float4_precision.hpp">
      <Filter>Dependencies\glm\ext</Filter>
    </ClInclude>
    <ClInclude Include="dependencies\glm\glm\ext\vector_int1.hpp">
      <Filter>Dependencies\glm\ext</Filter>
    </ClInclude>
    <ClInclude Include="dependencies\glm\glm\ext\vector_int1_sized.hpp">
      <Filter>Dependencies\glm\ext</Filter>
    </ClInclude>
    <ClInclude Include="dependencies\glm\glm\ext\vector_int2.hpp">
      <Filter>Dependencies\glm\ext</Filter>
    </ClInclude>
    <ClInclude Include="dependencies\glm\glm\ext\vector_int2_sized.hpp">
      <Filter>Dependencies\glm\ext</Filter>
    </ClInclude>
    <ClInclude Include="dependencies\glm\glm\ext\vector_int3.hpp">
      <Filter>Dependencies\glm\ext</Filter>
    </ClInclude>
    <ClInclude Include="dependencies\glm\glm\ext\vector_int3_sized.hpp">
      <Filter>Dependencies\glm\ext</Filter>
    </ClInclude>
    <ClInclude Include="dependencies\glm\glm\ext\vector_int4.hpp">
      <Filter>Dependencies\glm\ext</Filter>
    </ClInclude>
    <ClInclude Include="dependencies\glm\glm\ext\vector_int4_sized.hpp">
      <Filter>Dependencies\glm\ext</Filter>
    </ClInclude>
    <ClInclude Include="dependencies\glm\glm\ext\vector_integer.hpp">
      <Filter>Dependencies\glm\ext</Filter>
    </ClInclude>
    <ClInclude Include="dependencies\glm\glm\ext\vector_packing.hpp">
      <Filter>Dependencies\glm\ext</Filter>
    </ClInclude>
    <ClInclude Include="dependencies\glm\glm\ext\vector_reciprocal.hpp">
      <Filter>Dependencies\glm\ext</Filter>
    </ClInclude>
    <ClInclude Include="dependencies\glm\glm\ext\vector_relational.hpp">
      <Filter>Dependencies\glm\ext</Filter>
    </ClInclude>
    <ClInclude Include="dependencies\glm\glm\ext\vector_uint1.hpp">
      <Filter>Dependencies\glm\ext</Filter>
    </ClInclude>
    <ClInclude Include="dependencies\glm\glm\ext\vector_uint1_sized.hpp">
      <Filter>Dependencies\glm\ext</Filter>
    </ClInclude>
    <ClInclude Include="dependencies\glm\glm\ext\vector_uint2.hpp">
      <Filter>Dependencies\glm\ext</Filter>
    </ClInclude>
    <ClInclude Include="dependencies\glm\glm\ext\vector_uint2_sized.hpp">
      <Filter>Dependencies\glm\ext</Filter>
    </ClInclude>
    <ClInclude Include="dependencies\glm\glm\ext\vector_uint3.hpp">
      <Filter>Dependencies\glm\ext</Filter>
    </ClInclude>
    <ClInclude Include="dependencies\glm\glm\ext\vector_uint3_sized.hpp">
      <Filter>Dependencies\glm\ext</Filter>
    </ClInclude>
    <ClInclude Include="dependencies\glm\glm\ext\vector_uint4.hpp">
      <Filter>Dependencies\glm\ext</Filter>
    </ClInclude>
    <ClInclude Include="dependencies\glm\glm\ext\vector_uint4_sized.hpp">
      <Filter>Dependencies\glm\ext</Filter>
    </ClInclude>
    <ClInclude Include="dependencies\glm\glm\ext\vector_ulp.hpp">
      <Filter>Dependencies\glm\ext</Filter>
    </ClInclude>
    <ClInclude Include="dependencies\glm\glm\gtc\bitfield.hpp">
      <Filter>Dependencies\glm\gtc</Filter>
    </ClInclude>
    <ClInclude Include="dependencies\glm\glm\gtc\color_space.hpp">
      <Filter>Dependencies\glm\gtc</Filter>
    </ClInclude>
    <ClInclude Include="dependencies\glm\glm\gtc\constants.hpp">
      <Filter>Dependencies\glm\gtc</Filter>
    </ClInclude>
    <ClInclude Include="dependencies\glm\glm\gtc\epsilon.hpp">
      <Filter>Dependencies\glm\gtc</Filter>
    </ClInclude>
    <ClInclude Include="dependencies\glm\glm\gtc\integer.hpp">
      <Filter>Dependencies\glm\gtc</Filter>
    </ClInclude>
    <ClInclude Include="dependencies\glm\glm\gtc\matrix_access.hpp">
      <Filter>Dependencies\glm\gtc</Filter>
    </ClInclude>
    <ClInclude Include="dependencies\glm\glm\gtc\matrix_integer.hpp">
      <Filter>Dependencies\glm\gtc</Filter>
    </ClInclude>
    <ClInclude Include="dependencies\glm\glm\gtc\matrix_inverse.hpp">
      <Filter>Dependencies\glm\gtc</Filter>
    </ClInclude>
    <ClInclude Include="dependencies\glm\glm\gtc\matrix_transform.hpp">
      <Filter>Dependencies\glm\gtc</Filter>
    </ClInclude>
    <ClInclude Include="dependencies\glm\glm\gtc\noise.hpp">
      <Filter>Dependencies\glm\gtc</Filter>
    </ClInclude>
    <ClInclude Include="dependencies\glm\glm\gtc\packing.hpp">
      <Filter>Dependencies\glm\gtc</Filter>
    </ClInclude>
    <ClInclude Include="dependencies\glm\glm\gtc\quaternion.hpp">
      <Filter>Dependencies\glm\gtc</Filter>
    </ClInclude>
    <ClInclude Include="dependencies\glm\glm\gtc\random.hpp">
      <Filter>Dependencies\glm\gtc</Filter>
    </ClInclude>
    <ClInclude Include="dependencies\glm\glm\gtc\reciprocal.hpp">
      <Filter>Dependencies\glm\gtc</Filter>
    </ClInclude>
    <ClInclude Include="dependencies\glm\glm\gtc\round.hpp">
      <Filter>Dependencies\glm\gtc</Filter>
    </ClInclude>
    <ClInclude Include="dependencies\glm\glm\gtc\type_aligned.hpp">
      <Filter>Dependencies\glm\gtc</Filter>
    </ClInclude>
    <ClInclude Include="dependencies\glm\glm\gtc\type_precision.hpp">
      <Filter>Dependencies\glm\gtc</Filter>
    </ClInclude>
    <ClInclude Include="dependencies\glm\glm\gtc\type_ptr.hpp">
      <Filter>Dependencies\glm\gtc</Filter>
    </ClInclude>
    <ClInclude Include="dependencies\glm\glm\gtc\ulp.hpp">
      <Filter>Dependencies\glm\gtc</Filter>
    </ClInclude>
    <ClInclude Include="dependencies\glm\glm\gtc\vec1.hpp">
      <Filter>Dependencies\glm\gtc</Filter>
    </ClInclude>
    <ClInclude Include="dependencies\glm\glm\gtx\associated_min_max.hpp">
      <Filter>Dependencies\glm\gtx</Filter>
    </ClInclude>
    <ClInclude Include="dependencies\glm\glm\gtx\bit.hpp">
      <Filter>Dependencies\glm\gtx</Filter>
    </ClInclude>
    <ClInclude Include="dependencies\glm\glm\gtx\closest_point.hpp">
      <Filter>Dependencies\glm\gtx</Filter>
    </ClInclude>
    <ClInclude Include="dependencies\glm\glm\gtx\color_encoding.hpp">
      <Filter>Dependencies\glm\gtx</Filter>
    </ClInclude>
    <ClInclude Include="dependencies\glm\glm\gtx\color_space.hpp">
      <Filter>Dependencies\glm\gtx</Filter>
    </ClInclude>
    <ClInclude Include="dependencies\glm\glm\gtx\color_space_YCoCg.hpp">
      <Filter>Dependencies\glm\gtx</Filter>
    </ClInclude>
    <ClInclude Include="dependencies\glm\glm\gtx\common.hpp">
      <Filter>Dependencies\glm\gtx</Filter>
    </ClInclude>
    <ClInclude Include="dependencies\glm\glm\gtx\compatibility.hpp">
      <Filter>Dependencies\glm\gtx</Filter>
    </ClInclude>
    <ClInclude Include="dependencies\glm\glm\gtx\component_wise.hpp">
      <Filter>Dependencies\glm\gtx</Filter>
    </ClInclude>
    <ClInclude Include="dependencies\glm\glm\gtx\dual_quaternion.hpp">
      <Filter>Dependencies\glm\gtx</Filter>
    </ClInclude>
    <ClInclude Include="dependencies\glm\glm\gtx\easing.hpp">
      <Filter>Dependencies\glm\gtx</Filter>
    </ClInclude>
    <ClInclude Include="dependencies\glm\glm\gtx\euler_angles.hpp">
      <Filter>Dependencies\glm\gtx</Filter>
    </ClInclude>
    <ClInclude Include="dependencies\glm\glm\gtx\extend.hpp">
      <Filter>Dependencies\glm\gtx</Filter>
    </ClInclude>
    <ClInclude Include="dependencies\glm\glm\gtx\extended_min_max.hpp">
      <Filter>Dependencies\glm\gtx</Filter>
    </ClInclude>
    <ClInclude Include="dependencies\glm\glm\gtx\exterior_product.hpp">
      <Filter>Dependencies\glm\gtx</Filter>
    </ClInclude>
    <ClInclude Include="dependencies\glm\glm\gtx\fast_exponential.hpp">
      <Filter>Dependencies\glm\gtx</Filter>
    </ClInclude>
    <ClInclude Include="dependencies\glm\glm\gtx\fast_square_root.hpp">
      <Filter>Dependencies\glm\gtx</Filter>
    </ClInclude>
    <ClInclude Include="dependencies\glm\glm\gtx\fast_trigonometry.hpp">
      <Filter>Dependencies\glm\gtx</Filter>
    </ClInclude>
    <ClInclude Include="dependencies\glm\glm\gtx\functions.hpp">
      <Filter>Dependencies\glm\gtx</Filter>
    </ClInclude>
    <ClInclude Include="dependencies\glm\glm\gtx\gradient_paint.hpp">
      <Filter>Dependencies\glm\gtx</Filter>
    </ClInclude>
    <ClInclude Include="dependencies\glm\glm\gtx\handed_coordinate_space.hpp">
      <Filter>Dependencies\glm\gtx</Filter>
    </ClInclude>
    <ClInclude Include="dependencies\glm\glm\gtx\hash.hpp">
      <Filter>Dependencies\glm\gtx</Filter>
    </ClInclude>
    <ClInclude Include="dependencies\glm\glm\gtx\integer.hpp">
      <Filter>Dependencies\glm\gtx</Filter>
    </ClInclude>
    <ClInclude Include="dependencies\glm\glm\gtx\intersect.hpp">
      <Filter>Dependencies\glm\gtx</Filter>
    </ClInclude>
    <ClInclude Include="dependencies\glm\glm\gtx\io.hpp">
      <Filter>Dependencies\glm\gtx</Filter>
    </ClInclude>
    <ClInclude Include="dependencies\glm\glm\gtx\log_base.hpp">
      <Filter>Dependencies\glm\gtx</Filter>
    </ClInclude>
    <ClInclude Include="dependencies\glm\glm\gtx\matrix_cross_product.hpp">
      <Filter>Dependencies\glm\gtx</Filter>
    </ClInclude>
    <ClInclude Include="dependencies\glm\glm\gtx\matrix_decompose.hpp">
      <Filter>Dependencies\glm\gtx</Filter>
    </ClInclude>
    <ClInclude Include="dependencies\glm\glm\gtx\matrix_factorisation.hpp">
      <Filter>Dependencies\glm\gtx</Filter>
    </ClInclude>
    <ClInclude Include="dependencies\glm\glm\gtx\matrix_interpolation.hpp">
      <Filter>Dependencies\glm\gtx</Filter>
    </ClInclude>
    <ClInclude Include="dependencies\glm\glm\gtx\matrix_major_storage.hpp">
      <Filter>Dependencies\glm\gtx</Filter>
    </ClInclude>
    <ClInclude Include="dependencies\glm\glm\gtx\matrix_operation.hpp">
      <Filter>Dependencies\glm\gtx</Filter>
    </ClInclude>
    <ClInclude Include="dependencies\glm\glm\gtx\matrix_query.hpp">
      <Filter>Dependencies\glm\gtx</Filter>
    </ClInclude>
    <ClInclude Include="dependencies\glm\glm\gtx\matrix_transform_2d.hpp">
      <Filter>Dependencies\glm\gtx</Filter>
    </ClInclude>
    <ClInclude Include="dependencies\glm\glm\gtx\mixed_product.hpp">
      <Filter>Dependencies\glm\gtx</Filter>
    </ClInclude>
    <ClInclude Include="dependencies\glm\glm\gtx\norm.hpp">
      <Filter>Dependencies\glm\gtx</Filter>
    </ClInclude>
    <ClInclude Include="dependencies\glm\glm\gtx\normal.hpp">
      <Filter>Dependencies\glm\gtx</Filter>
    </ClInclude>
    <ClInclude Include="dependencies\glm\glm\gtx\normalize_dot.hpp">
      <Filter>Dependencies\glm\gtx</Filter>
    </ClInclude>
    <ClInclude Include="dependencies\glm\glm\gtx\number_precision.hpp">
      <Filter>Dependencies\glm\gtx</Filter>
    </ClInclude>
    <ClInclude Include="dependencies\glm\glm\gtx\optimum_pow.hpp">
      <Filter>Dependencies\glm\gtx</Filter>
    </ClInclude>
    <ClInclude Include="dependencies\glm\glm\gtx\orthonormalize.hpp">
      <Filter>Dependencies\glm\gtx</Filter>
    </ClInclude>
    <ClInclude Include="dependencies\glm\glm\gtx\pca.hpp">
      <Filter>Dependencies\glm\gtx</Filter>
    </ClInclude>
    <ClInclude Include="dependencies\glm\glm\gtx\perpendicular.hpp">
      <Filter>Dependencies\glm\gtx</Filter>
    </ClInclude>
    <ClInclude Include="dependencies\glm\glm\gtx\polar_coordinates.hpp">
      <Filter>Dependencies\glm\gtx</Filter>
    </ClInclude>
    <ClInclude Include="dependencies\glm\glm\gtx\projection.hpp">
      <Filter>Dependencies\glm\gtx</Filter>
    </ClInclude>
    <ClInclude Include="dependencies\glm\glm\gtx\quaternion.hpp">
      <Filter>Dependencies\glm\gtx</Filter>
    </ClInclude>
    <ClInclude Include="dependencies\glm\glm\gtx\range.hpp">
      <Filter>Dependencies\glm\gtx</Filter>
    </ClInclude>
    <ClInclude Include="dependencies\glm\glm\gtx\raw_data.hpp">
      <Filter>Dependencies\glm\gtx</Filter>
    </ClInclude>
    <ClInclude Include="dependencies\glm\glm\gtx\rotate_normalized_axis.hpp">
      <Filter>Dependencies\glm\gtx</Filter>
    </ClInclude>
    <ClInclude Include="dependencies\glm\glm\gtx\rotate_vector.hpp">
      <Filter>Dependencies\glm\gtx</Filter>
    </ClInclude>
    <ClInclude Include="dependencies\glm\glm\gtx\scalar_multiplication.hpp">
      <Filter>Dependencies\glm\gtx</Filter>
    </ClInclude>
    <ClInclude Include="dependencies\glm\glm\gtx\scalar_relational.hpp">
      <Filter>Dependencies\glm\gtx</Filter>
    </ClInclude>
    <ClInclude Include="dependencies\glm\glm\gtx\spline.hpp">
      <Filter>Dependencies\glm\gtx</Filter>
    </ClInclude>
    <ClInclude Include="dependencies\glm\glm\gtx\std_based_type.hpp">
      <Filter>Dependencies\glm\gtx</Filter>
    </ClInclude>
    <ClInclude Include="dependencies\glm\glm\gtx\string_cast.hpp">
      <Filter>Dependencies\glm\gtx</Filter>
    </ClInclude>
    <ClInclude Include="dependencies\glm\glm\gtx\texture.hpp">
      <Filter>Dependencies\glm\gtx</Filter>
    </ClInclude>
    <ClInclude Include="dependencies\glm\glm\gtx\transform.hpp">
      <Filter>Dependencies\glm\gtx</Filter>
    </ClInclude>
    <ClInclude Include="dependencies\glm\glm\gtx\transform2.hpp">
      <Filter>Dependencies\glm\gtx</Filter>
    </ClInclude>
    <ClInclude Include="dependencies\glm\glm\gtx\type_aligned.hpp">
      <Filter>Dependencies\glm\gtx</Filter>
    </ClInclude>
    <ClInclude Include="dependencies\glm\glm\gtx\type_trait.hpp">
      <Filter>Dependencies\glm\gtx</Filter>
    </ClInclude>
    <ClInclude Include="dependencies\glm\glm\gtx\vec_swizzle.hpp">
      <Filter>Dependencies\glm\gtx</Filter>
    </ClInclude>
    <ClInclude Include="dependencies\glm\glm\gtx\vector_angle.hpp">
      <Filter>Dependencies\glm\gtx</Filter>
    </ClInclude>
    <ClInclude Include="dependencies\glm\glm\gtx\vector_query.hpp">
      <Filter>Dependencies\glm\gtx</Filter>
    </ClInclude>
    <ClInclude Include="dependencies\glm\glm\gtx\wrap.hpp">
      <Filter>Dependencies\glm\gtx</Filter>
    </ClInclude>
    <ClInclude Include="dependencies\glm\glm\simd\common.h">
      <Filter>Dependencies\glm\simd</Filter>
    </ClInclude>
    <ClInclude Include="dependencies\glm\glm\simd\exponential.h">
      <Filter>Dependencies\glm\simd</Filter>
    </ClInclude>
    <ClInclude Include="dependencies\glm\glm\simd\geometric.h">
      <Filter>Dependencies\glm\simd</Filter>
    </ClInclude>
    <ClInclude Include="dependencies\glm\glm\simd\integer.h">
      <Filter>Dependencies\glm\simd</Filter>
    </ClInclude>
    <ClInclude Include="dependencies\glm\glm\simd\matrix.h">
      <Filter>Dependencies\glm\simd</Filter>
    </ClInclude>
    <ClInclude Include="dependencies\glm\glm\simd\neon.h">
      <Filter>Dependencies\glm\simd</Filter>
    </ClInclude>
    <ClInclude Include="dependencies\glm\glm\simd\packing.h">
      <Filter>Dependencies\glm\simd</Filter>
    </ClInclude>
    <ClInclude Include="dependencies\glm\glm\simd\platform.h">
      <Filter>Dependencies\glm\simd</Filter>
    </ClInclude>
    <ClInclude Include="dependencies\glm\glm\simd\trigonometric.h">
      <Filter>Dependencies\glm\simd</Filter>
    </ClInclude>
    <ClInclude Include="dependencies\glm\glm\simd\vector_relational.h">
      <Filter>Dependencies\glm\simd</Filter>
    </ClInclude>
    <ClInclude Include="src\sdk\schema\schema.hpp">
      <Filter>Project Files\sdk\schema</Filter>
    </ClInclude>
    <ClInclude Include="src\sdk\fnv1a\hash_fnv1a_constexpr.hpp">
      <Filter>Project Files\sdk\fnv1a</Filter>
    </ClInclude>
    <ClInclude Include="src\sdk\source-sdk\interfaces\cschemasystem.hpp">
      <Filter>Project Files\sdk\source-sdk\interfaces</Filter>
    </ClInclude>
    <ClInclude Include="src\features\esp\esp.hpp">
      <Filter>Project Files\features\esp</Filter>
    </ClInclude>
    <ClInclude Include="src\features\game_hooks\game_hooks.hpp">
      <Filter>Project Files\features\game_hooks</Filter>
    </ClInclude>
    <ClInclude Include="src\sdk\source-sdk\interfaces\cgameresourceserviceclient.hpp">
      <Filter>Project Files\sdk\source-sdk\interfaces</Filter>
    </ClInclude>
    <ClInclude Include="src\sdk\source-sdk\interfaces\cengineclient.hpp">
      <Filter>Project Files\sdk\source-sdk\interfaces</Filter>
    </ClInclude>
    <ClInclude Include="resources\fonts\icons\mdi_font.hpp">
      <Filter>Resource Files\Fonts\Icons</Filter>
    </ClInclude>
    <ClInclude Include="resources\fonts\icons\icons_mdi.hpp">
      <Filter>Resource Files\Fonts\Icons</Filter>
    </ClInclude>
    <ClInclude Include="src\sdk\source-sdk\interfaces\csource2client.hpp">
      <Filter>Project Files\sdk\source-sdk\interfaces</Filter>
    </ClInclude>
    <ClInclude Include="src\sdk\source-sdk\classes\econ\ceconitemsystem.hpp">
      <Filter>Project Files\sdk\source-sdk\classes\econ</Filter>
    </ClInclude>
    <ClInclude Include="src\sdk\source-sdk\classes\econ\ceconitemschema.hpp">
      <Filter>Project Files\sdk\source-sdk\classes\econ</Filter>
    </ClInclude>
    <ClInclude Include="src\sdk\source-sdk\classes\econ\ceconitemdefinition.hpp">
      <Filter>Project Files\sdk\source-sdk\classes\econ</Filter>
    </ClInclude>
    <ClInclude Include="src\sdk\source-sdk\interfaces\ccvar.hpp">
      <Filter>Project Files\sdk\source-sdk\interfaces</Filter>
    </ClInclude>
    <ClInclude Include="src\sdk\source-sdk\classes\econ\ceconitem.hpp">
      <Filter>Project Files\sdk\source-sdk\classes\econ</Filter>
    </ClInclude>
    <ClInclude Include="src\sdk\source-sdk\classes\entity\bones\cbonesystem.hpp">
      <Filter>Project Files\sdk\source-sdk\classes\entity\bones</Filter>
    </ClInclude>
    <ClInclude Include="src\sdk\math\math.hpp">
      <Filter>Project Files\sdk\math</Filter>
    </ClInclude>
    <ClInclude Include="resources\fonts\cartograph_font.hpp">
      <Filter>Resource Files\Fonts</Filter>
    </ClInclude>
    <ClInclude Include="resources\fonts\libertad_font.hpp">
      <Filter>Resource Files\Fonts</Filter>
    </ClInclude>
    <ClInclude Include="src\sdk\math\classes\vector.hpp">
      <Filter>Project Files\sdk\math\classes</Filter>
    </ClInclude>
    <ClInclude Include="src\sdk\math\classes\vmatrix.hpp">
      <Filter>Project Files\sdk\math\classes</Filter>
    </ClInclude>
    <ClInclude Include="src\sdk\source-sdk\interfaces\clocalize.hpp">
      <Filter>Project Files\sdk\source-sdk\interfaces</Filter>
    </ClInclude>
    <ClInclude Include="src\gamedata\gamedata.hpp">
      <Filter>Project Files\essentials\gamedata</Filter>
    </ClInclude>
    <ClInclude Include="src\sdk\source-sdk\classes\econ\c_econitemview.hpp">
      <Filter>Project Files\sdk\source-sdk\classes\econ</Filter>
    </ClInclude>
    <ClInclude Include="src\sdk\source-sdk\classes\econ\c_econentity.hpp">
      <Filter>Project Files\sdk\source-sdk\classes\econ</Filter>
    </ClInclude>
    <ClInclude Include="src\sdk\source-sdk\classes\entity\c_baseentity.hpp">
      <Filter>Project Files\sdk\source-sdk\classes\entity</Filter>
    </ClInclude>
    <ClInclude Include="src\sdk\source-sdk\classes\entity\c_basemodelentity.hpp">
      <Filter>Project Files\sdk\source-sdk\classes\entity</Filter>
    </ClInclude>
    <ClInclude Include="src\sdk\source-sdk\classes\entity\c_baseplayerpawn.hpp">
      <Filter>Project Files\sdk\source-sdk\classes\entity</Filter>
    </ClInclude>
    <ClInclude Include="src\sdk\source-sdk\classes\entity\c_baseplayerweapon.hpp">
      <Filter>Project Files\sdk\source-sdk\classes\entity</Filter>
    </ClInclude>
    <ClInclude Include="src\sdk\source-sdk\classes\entity\c_baseviewmodel.hpp">
      <Filter>Project Files\sdk\source-sdk\classes\entity</Filter>
    </ClInclude>
    <ClInclude Include="src\sdk\source-sdk\classes\entity\c_chicken.hpp">
      <Filter>Project Files\sdk\source-sdk\classes\entity</Filter>
    </ClInclude>
    <ClInclude Include="src\sdk\source-sdk\classes\entity\c_csplayerpawn.hpp">
      <Filter>Project Files\sdk\source-sdk\classes\entity</Filter>
    </ClInclude>
    <ClInclude Include="src\sdk\source-sdk\classes\entity\c_csplayerpawnbase.hpp">
      <Filter>Project Files\sdk\source-sdk\classes\entity</Filter>
    </ClInclude>
    <ClInclude Include="src\sdk\source-sdk\classes\entity\c_csweaponbase.hpp">
      <Filter>Project Files\sdk\source-sdk\classes\entity</Filter>
    </ClInclude>
    <ClInclude Include="src\sdk\source-sdk\classes\entity\cbaseplayercontroller.hpp">
      <Filter>Project Files\sdk\source-sdk\classes\entity</Filter>
    </ClInclude>
    <ClInclude Include="src\sdk\source-sdk\classes\entity\ccollisionproperty.hpp">
      <Filter>Project Files\sdk\source-sdk\classes\entity</Filter>
    </ClInclude>
    <ClInclude Include="src\sdk\source-sdk\classes\entity\ccsplayer_cameraservices.hpp">
      <Filter>Project Files\sdk\source-sdk\classes\entity</Filter>
    </ClInclude>
    <ClInclude Include="src\sdk\source-sdk\classes\entity\ccsplayer_viewmodelservices.hpp">
      <Filter>Project Files\sdk\source-sdk\classes\entity</Filter>
    </ClInclude>
    <ClInclude Include="src\sdk\source-sdk\classes\entity\ccsplayercontroller.hpp">
      <Filter>Project Files\sdk\source-sdk\classes\entity</Filter>
    </ClInclude>
    <ClInclude Include="src\sdk\source-sdk\classes\entity\centityidentity.hpp">
      <Filter>Project Files\sdk\source-sdk\classes\entity</Filter>
    </ClInclude>
    <ClInclude Include="src\sdk\source-sdk\classes\entity\centityinstance.hpp">
      <Filter>Project Files\sdk\source-sdk\classes\entity</Filter>
    </ClInclude>
    <ClInclude Include="src\sdk\source-sdk\classes\entity\cgamescenenode.hpp">
      <Filter>Project Files\sdk\source-sdk\classes\entity</Filter>
    </ClInclude>
    <ClInclude Include="src\sdk\source-sdk\classes\entity\cplayer_weaponservices.hpp">
      <Filter>Project Files\sdk\source-sdk\classes\entity</Filter>
    </ClInclude>
    <ClInclude Include="src\sdk\source-sdk\classes\cutlvector.hpp">
      <Filter>Project Files\sdk\source-sdk\classes</Filter>
    </ClInclude>
    <ClInclude Include="src\sdk\source-sdk\classes\cutlsymbollarge.hpp">
      <Filter>Project Files\sdk\source-sdk\classes</Filter>
    </ClInclude>
    <ClInclude Include="src\sdk\source-sdk\classes\cutlmap.hpp">
      <Filter>Project Files\sdk\source-sdk\classes</Filter>
    </ClInclude>
    <ClInclude Include="src\sdk\source-sdk\classes\cstronghandle.hpp">
      <Filter>Project Files\sdk\source-sdk\classes</Filter>
    </ClInclude>
    <ClInclude Include="src\sdk\source-sdk\classes\cnetworkutlvectorbase.hpp">
      <Filter>Project Files\sdk\source-sdk\classes</Filter>
    </ClInclude>
    <ClInclude Include="src\sdk\source-sdk\classes\cheapmemalloc.hpp">
      <Filter>Project Files\sdk\source-sdk\classes</Filter>
    </ClInclude>
    <ClInclude Include="src\sdk\source-sdk\classes\chandle.hpp">
      <Filter>Project Files\sdk\source-sdk\classes</Filter>
    </ClInclude>
    <ClInclude Include="src\sdk\source-sdk\classes\cgameentitysystem.hpp">
      <Filter>Project Files\sdk\source-sdk\classes</Filter>
    </ClInclude>
    <ClInclude Include="src\sdk\source-sdk\classes\ccsgoinput.hpp">
      <Filter>Project Files\sdk\source-sdk\classes</Filter>
    </ClInclude>
    <ClInclude Include="src\sdk\source-sdk\classes\c_attributecontainer.hpp">
      <Filter>Project Files\sdk\source-sdk\classes</Filter>
    </ClInclude>
    <ClInclude Include="src\sdk\source-sdk\classes\bitflag.hpp">
      <Filter>Project Files\sdk\source-sdk\classes</Filter>
    </ClInclude>
    <ClInclude Include="src\sdk\source-sdk\classes\entity\c_plantedc4.hpp">
      <Filter>Project Files\sdk\source-sdk\classes\entity</Filter>
    </ClInclude>
    <ClInclude Include="src\sdk\source-sdk\interfaces\cmaterialsystem2.hpp">
      <Filter>Project Files\sdk\source-sdk\interfaces</Filter>
    </ClInclude>
    <ClInclude Include="src\sdk\source-sdk\interfaces\cgameeventmanager.hpp">
      <Filter>Project Files\sdk\source-sdk\interfaces</Filter>
    </ClInclude>
    <ClInclude Include="src\sdk\source-sdk\classes\cgameeventmanager.hpp">
      <Filter>Project Files\sdk\source-sdk\classes</Filter>
    </ClInclude>
    <ClInclude Include="src\sdk\source-sdk\classes\cgameevent.hpp">
      <Filter>Project Files\sdk\source-sdk\classes</Filter>
    </ClInclude>
    <ClInclude Include="src\sdk\source-sdk\classes\gcsdk\cgcclientsystem.hpp">
      <Filter>Project Files\sdk\source-sdk\classes\gcsdk</Filter>
    </ClInclude>
    <ClInclude Include="src\sdk\source-sdk\classes\gcsdk\cgcclient.hpp">
      <Filter>Project Files\sdk\source-sdk\classes\gcsdk</Filter>
    </ClInclude>
    <ClInclude Include="src\sdk\source-sdk\classes\cmaterial2.hpp">
      <Filter>Project Files\sdk\source-sdk\classes</Filter>
    </ClInclude>
    <ClInclude Include="src\features\movement\bunnyhop.hpp">
      <Filter>Project Files\features\movement\bunnyhop</Filter>
    </ClInclude>
    <ClInclude Include="src\menu\menu.hpp">
      <Filter>Project Files\menu</Filter>
    </ClInclude>
    <ClInclude Include="src\menu\state.hpp">
      <Filter>Project Files\menu</Filter>
    </ClInclude>
    <ClInclude Include="src\features\features.hpp">
      <Filter>Project Files\features</Filter>
    </ClInclude>
    <ClInclude Include="src\features\feature.hpp">
      <Filter>Project Files\features</Filter>
    </ClInclude>
    <ClInclude Include="src\features\aim_enhancement\recoil_control.hpp">
      <Filter>Project Files\features\aim enhancement\recoil_control</Filter>
    </ClInclude>
    <ClInclude Include="src\game\state.hpp">
      <Filter>Project Files\essentials\game</Filter>
    </ClInclude>
    <ClInclude Include="src\features\helpers\draw_utilities.hpp">
      <Filter>Project Files\features\helpers</Filter>
    </ClInclude>
    <ClInclude Include="src\sdk\source-sdk\classes\types\cglobalvarsbase.hpp">
      <Filter>Project Files\sdk\source-sdk\classes\types</Filter>
    </ClInclude>
    <ClInclude Include="dependencies\nlohmann\include\nlohmann\adl_serializer.hpp">
      <Filter>Dependencies\json</Filter>
    </ClInclude>
    <ClInclude Include="dependencies\nlohmann\include\nlohmann\byte_container_with_subtype.hpp">
      <Filter>Dependencies\json</Filter>
    </ClInclude>
    <ClInclude Include="dependencies\nlohmann\include\nlohmann\json.hpp">
      <Filter>Dependencies\json</Filter>
    </ClInclude>
    <ClInclude Include="dependencies\nlohmann\include\nlohmann\json_fwd.hpp">
      <Filter>Dependencies\json</Filter>
    </ClInclude>
    <ClInclude Include="dependencies\nlohmann\include\nlohmann\ordered_map.hpp">
      <Filter>Dependencies\json</Filter>
    </ClInclude>
    <ClInclude Include="dependencies\nlohmann\include\nlohmann\thirdparty\hedley\hedley.hpp">
      <Filter>Dependencies\json\thirdparty\hedley</Filter>
    </ClInclude>
    <ClInclude Include="dependencies\nlohmann\include\nlohmann\thirdparty\hedley\hedley_undef.hpp">
      <Filter>Dependencies\json\thirdparty\hedley</Filter>
    </ClInclude>
    <ClInclude Include="dependencies\nlohmann\include\nlohmann\detail\abi_macros.hpp">
      <Filter>Dependencies\json\detail</Filter>
    </ClInclude>
    <ClInclude Include="dependencies\nlohmann\include\nlohmann\detail\exceptions.hpp">
      <Filter>Dependencies\json\detail</Filter>
    </ClInclude>
    <ClInclude Include="dependencies\nlohmann\include\nlohmann\detail\hash.hpp">
      <Filter>Dependencies\json\detail</Filter>
    </ClInclude>
    <ClInclude Include="dependencies\nlohmann\include\nlohmann\detail\json_custom_base_class.hpp">
      <Filter>Dependencies\json\detail</Filter>
    </ClInclude>
    <ClInclude Include="dependencies\nlohmann\include\nlohmann\detail\json_pointer.hpp">
      <Filter>Dependencies\json\detail</Filter>
    </ClInclude>
    <ClInclude Include="dependencies\nlohmann\include\nlohmann\detail\json_ref.hpp">
      <Filter>Dependencies\json\detail</Filter>
    </ClInclude>
    <ClInclude Include="dependencies\nlohmann\include\nlohmann\detail\macro_scope.hpp">
      <Filter>Dependencies\json\detail</Filter>
    </ClInclude>
    <ClInclude Include="dependencies\nlohmann\include\nlohmann\detail\macro_unscope.hpp">
      <Filter>Dependencies\json\detail</Filter>
    </ClInclude>
    <ClInclude Include="dependencies\nlohmann\include\nlohmann\detail\string_concat.hpp">
      <Filter>Dependencies\json\detail</Filter>
    </ClInclude>
    <ClInclude Include="dependencies\nlohmann\include\nlohmann\detail\string_escape.hpp">
      <Filter>Dependencies\json\detail</Filter>
    </ClInclude>
    <ClInclude Include="dependencies\nlohmann\include\nlohmann\detail\value_t.hpp">
      <Filter>Dependencies\json\detail</Filter>
    </ClInclude>
    <ClInclude Include="dependencies\nlohmann\include\nlohmann\detail\conversions\from_json.hpp">
      <Filter>Dependencies\json\detail\conversions</Filter>
    </ClInclude>
    <ClInclude Include="dependencies\nlohmann\include\nlohmann\detail\conversions\to_chars.hpp">
      <Filter>Dependencies\json\detail\conversions</Filter>
    </ClInclude>
    <ClInclude Include="dependencies\nlohmann\include\nlohmann\detail\conversions\to_json.hpp">
      <Filter>Dependencies\json\detail\conversions</Filter>
    </ClInclude>
    <ClInclude Include="dependencies\nlohmann\include\nlohmann\detail\input\binary_reader.hpp">
      <Filter>Dependencies\json\detail\input</Filter>
    </ClInclude>
    <ClInclude Include="dependencies\nlohmann\include\nlohmann\detail\input\input_adapters.hpp">
      <Filter>Dependencies\json\detail\input</Filter>
    </ClInclude>
    <ClInclude Include="dependencies\nlohmann\include\nlohmann\detail\input\json_sax.hpp">
      <Filter>Dependencies\json\detail\input</Filter>
    </ClInclude>
    <ClInclude Include="dependencies\nlohmann\include\nlohmann\detail\input\lexer.hpp">
      <Filter>Dependencies\json\detail\input</Filter>
    </ClInclude>
    <ClInclude Include="dependencies\nlohmann\include\nlohmann\detail\input\parser.hpp">
      <Filter>Dependencies\json\detail\input</Filter>
    </ClInclude>
    <ClInclude Include="dependencies\nlohmann\include\nlohmann\detail\input\position_t.hpp">
      <Filter>Dependencies\json\detail\input</Filter>
    </ClInclude>
    <ClInclude Include="dependencies\nlohmann\include\nlohmann\detail\iterators\internal_iterator.hpp">
      <Filter>Dependencies\json\detail\iterators</Filter>
    </ClInclude>
    <ClInclude Include="dependencies\nlohmann\include\nlohmann\detail\iterators\iter_impl.hpp">
      <Filter>Dependencies\json\detail\iterators</Filter>
    </ClInclude>
    <ClInclude Include="dependencies\nlohmann\include\nlohmann\detail\iterators\iteration_proxy.hpp">
      <Filter>Dependencies\json\detail\iterators</Filter>
    </ClInclude>
    <ClInclude Include="dependencies\nlohmann\include\nlohmann\detail\iterators\iterator_traits.hpp">
      <Filter>Dependencies\json\detail\iterators</Filter>
    </ClInclude>
    <ClInclude Include="dependencies\nlohmann\include\nlohmann\detail\iterators\json_reverse_iterator.hpp">
      <Filter>Dependencies\json\detail\iterators</Filter>
    </ClInclude>
    <ClInclude Include="dependencies\nlohmann\include\nlohmann\detail\iterators\primitive_iterator.hpp">
      <Filter>Dependencies\json\detail\iterators</Filter>
    </ClInclude>
    <ClInclude Include="dependencies\nlohmann\include\nlohmann\detail\meta\cpp_future.hpp">
      <Filter>Dependencies\json\detail\meta</Filter>
    </ClInclude>
    <ClInclude Include="dependencies\nlohmann\include\nlohmann\detail\meta\detected.hpp">
      <Filter>Dependencies\json\detail\meta</Filter>
    </ClInclude>
    <ClInclude Include="dependencies\nlohmann\include\nlohmann\detail\meta\identity_tag.hpp">
      <Filter>Dependencies\json\detail\meta</Filter>
    </ClInclude>
    <ClInclude Include="dependencies\nlohmann\include\nlohmann\detail\meta\is_sax.hpp">
      <Filter>Dependencies\json\detail\meta</Filter>
    </ClInclude>
    <ClInclude Include="dependencies\nlohmann\include\nlohmann\detail\meta\std_fs.hpp">
      <Filter>Dependencies\json\detail\meta</Filter>
    </ClInclude>
    <ClInclude Include="dependencies\nlohmann\include\nlohmann\detail\meta\type_traits.hpp">
      <Filter>Dependencies\json\detail\meta</Filter>
    </ClInclude>
    <ClInclude Include="dependencies\nlohmann\include\nlohmann\detail\meta\void_t.hpp">
      <Filter>Dependencies\json\detail\meta</Filter>
    </ClInclude>
    <ClInclude Include="dependencies\nlohmann\include\nlohmann\detail\meta\call_std\begin.hpp">
      <Filter>Dependencies\json\detail\meta\call_std</Filter>
    </ClInclude>
    <ClInclude Include="dependencies\nlohmann\include\nlohmann\detail\meta\call_std\end.hpp">
      <Filter>Dependencies\json\detail\meta\call_std</Filter>
    </ClInclude>
    <ClInclude Include="dependencies\nlohmann\include\nlohmann\detail\output\binary_writer.hpp">
      <Filter>Dependencies\json\detail\output</Filter>
    </ClInclude>
    <ClInclude Include="dependencies\nlohmann\include\nlohmann\detail\output\output_adapters.hpp">
      <Filter>Dependencies\json\detail\output</Filter>
    </ClInclude>
    <ClInclude Include="dependencies\nlohmann\include\nlohmann\detail\output\serializer.hpp">
      <Filter>Dependencies\json\detail\output</Filter>
    </ClInclude>
    <ClInclude Include="src\sdk\config\config.hpp">
      <Filter>Project Files\sdk\config</Filter>
    </ClInclude>
    <ClInclude Include="src\features\helpers\post_processing.hpp">
      <Filter>Project Files\features\helpers\post_processing</Filter>
    </ClInclude>
    <ClInclude Include="src\features\triggerbot\triggerbot.hpp">
      <Filter>Project Files\features\triggerbot</Filter>
    </ClInclude>
    <ClInclude Include="src\sdk\source-sdk\classes\types\c_trace.hpp">
      <Filter>Project Files\sdk\source-sdk\classes\types</Filter>
    </ClInclude>
    <ClInclude Include="src\sdk\source-sdk\classes\c_baseplayerweapon.hpp">
      <Filter>Project Files\sdk\source-sdk\classes\entity</Filter>
    </ClInclude>
  </ItemGroup>
  <ItemGroup>
    <None Include=".editorconfig" />
    <None Include="dependencies\glm\glm\detail\func_common.inl">
      <Filter>Dependencies\glm\detail</Filter>
    </None>
    <None Include="dependencies\glm\glm\detail\func_common_simd.inl">
      <Filter>Dependencies\glm\detail</Filter>
    </None>
    <None Include="dependencies\glm\glm\detail\func_exponential.inl">
      <Filter>Dependencies\glm\detail</Filter>
    </None>
    <None Include="dependencies\glm\glm\detail\func_exponential_simd.inl">
      <Filter>Dependencies\glm\detail</Filter>
    </None>
    <None Include="dependencies\glm\glm\detail\func_geometric.inl">
      <Filter>Dependencies\glm\detail</Filter>
    </None>
    <None Include="dependencies\glm\glm\detail\func_geometric_simd.inl">
      <Filter>Dependencies\glm\detail</Filter>
    </None>
    <None Include="dependencies\glm\glm\detail\func_integer.inl">
      <Filter>Dependencies\glm\detail</Filter>
    </None>
    <None Include="dependencies\glm\glm\detail\func_integer_simd.inl">
      <Filter>Dependencies\glm\detail</Filter>
    </None>
    <None Include="dependencies\glm\glm\detail\func_matrix.inl">
      <Filter>Dependencies\glm\detail</Filter>
    </None>
    <None Include="dependencies\glm\glm\detail\func_matrix_simd.inl">
      <Filter>Dependencies\glm\detail</Filter>
    </None>
    <None Include="dependencies\glm\glm\detail\func_packing.inl">
      <Filter>Dependencies\glm\detail</Filter>
    </None>
    <None Include="dependencies\glm\glm\detail\func_packing_simd.inl">
      <Filter>Dependencies\glm\detail</Filter>
    </None>
    <None Include="dependencies\glm\glm\detail\func_trigonometric.inl">
      <Filter>Dependencies\glm\detail</Filter>
    </None>
    <None Include="dependencies\glm\glm\detail\func_trigonometric_simd.inl">
      <Filter>Dependencies\glm\detail</Filter>
    </None>
    <None Include="dependencies\glm\glm\detail\func_vector_relational.inl">
      <Filter>Dependencies\glm\detail</Filter>
    </None>
    <None Include="dependencies\glm\glm\detail\func_vector_relational_simd.inl">
      <Filter>Dependencies\glm\detail</Filter>
    </None>
    <None Include="dependencies\glm\glm\detail\type_half.inl">
      <Filter>Dependencies\glm\detail</Filter>
    </None>
    <None Include="dependencies\glm\glm\detail\type_mat2x2.inl">
      <Filter>Dependencies\glm\detail</Filter>
    </None>
    <None Include="dependencies\glm\glm\detail\type_mat2x3.inl">
      <Filter>Dependencies\glm\detail</Filter>
    </None>
    <None Include="dependencies\glm\glm\detail\type_mat2x4.inl">
      <Filter>Dependencies\glm\detail</Filter>
    </None>
    <None Include="dependencies\glm\glm\detail\type_mat3x2.inl">
      <Filter>Dependencies\glm\detail</Filter>
    </None>
    <None Include="dependencies\glm\glm\detail\type_mat3x3.inl">
      <Filter>Dependencies\glm\detail</Filter>
    </None>
    <None Include="dependencies\glm\glm\detail\type_mat3x4.inl">
      <Filter>Dependencies\glm\detail</Filter>
    </None>
    <None Include="dependencies\glm\glm\detail\type_mat4x2.inl">
      <Filter>Dependencies\glm\detail</Filter>
    </None>
    <None Include="dependencies\glm\glm\detail\type_mat4x3.inl">
      <Filter>Dependencies\glm\detail</Filter>
    </None>
    <None Include="dependencies\glm\glm\detail\type_mat4x4.inl">
      <Filter>Dependencies\glm\detail</Filter>
    </None>
    <None Include="dependencies\glm\glm\detail\type_mat4x4_simd.inl">
      <Filter>Dependencies\glm\detail</Filter>
    </None>
    <None Include="dependencies\glm\glm\detail\type_quat.inl">
      <Filter>Dependencies\glm\detail</Filter>
    </None>
    <None Include="dependencies\glm\glm\detail\type_quat_simd.inl">
      <Filter>Dependencies\glm\detail</Filter>
    </None>
    <None Include="dependencies\glm\glm\detail\type_vec1.inl">
      <Filter>Dependencies\glm\detail</Filter>
    </None>
    <None Include="dependencies\glm\glm\detail\type_vec2.inl">
      <Filter>Dependencies\glm\detail</Filter>
    </None>
    <None Include="dependencies\glm\glm\detail\type_vec3.inl">
      <Filter>Dependencies\glm\detail</Filter>
    </None>
    <None Include="dependencies\glm\glm\detail\type_vec4.inl">
      <Filter>Dependencies\glm\detail</Filter>
    </None>
    <None Include="dependencies\glm\glm\detail\type_vec4_simd.inl">
      <Filter>Dependencies\glm\detail</Filter>
    </None>
    <None Include="dependencies\glm\glm\ext\matrix_clip_space.inl">
      <Filter>Dependencies\glm\ext</Filter>
    </None>
    <None Include="dependencies\glm\glm\ext\matrix_common.inl">
      <Filter>Dependencies\glm\ext</Filter>
    </None>
    <None Include="dependencies\glm\glm\ext\matrix_integer.inl">
      <Filter>Dependencies\glm\ext</Filter>
    </None>
    <None Include="dependencies\glm\glm\ext\matrix_projection.inl">
      <Filter>Dependencies\glm\ext</Filter>
    </None>
    <None Include="dependencies\glm\glm\ext\matrix_relational.inl">
      <Filter>Dependencies\glm\ext</Filter>
    </None>
    <None Include="dependencies\glm\glm\ext\matrix_transform.inl">
      <Filter>Dependencies\glm\ext</Filter>
    </None>
    <None Include="dependencies\glm\glm\ext\quaternion_common.inl">
      <Filter>Dependencies\glm\ext</Filter>
    </None>
    <None Include="dependencies\glm\glm\ext\quaternion_common_simd.inl">
      <Filter>Dependencies\glm\ext</Filter>
    </None>
    <None Include="dependencies\glm\glm\ext\quaternion_exponential.inl">
      <Filter>Dependencies\glm\ext</Filter>
    </None>
    <None Include="dependencies\glm\glm\ext\quaternion_geometric.inl">
      <Filter>Dependencies\glm\ext</Filter>
    </None>
    <None Include="dependencies\glm\glm\ext\quaternion_relational.inl">
      <Filter>Dependencies\glm\ext</Filter>
    </None>
    <None Include="dependencies\glm\glm\ext\quaternion_transform.inl">
      <Filter>Dependencies\glm\ext</Filter>
    </None>
    <None Include="dependencies\glm\glm\ext\quaternion_trigonometric.inl">
      <Filter>Dependencies\glm\ext</Filter>
    </None>
    <None Include="dependencies\glm\glm\ext\scalar_common.inl">
      <Filter>Dependencies\glm\ext</Filter>
    </None>
    <None Include="dependencies\glm\glm\ext\scalar_constants.inl">
      <Filter>Dependencies\glm\ext</Filter>
    </None>
    <None Include="dependencies\glm\glm\ext\scalar_integer.inl">
      <Filter>Dependencies\glm\ext</Filter>
    </None>
    <None Include="dependencies\glm\glm\ext\scalar_packing.inl">
      <Filter>Dependencies\glm\ext</Filter>
    </None>
    <None Include="dependencies\glm\glm\ext\scalar_reciprocal.inl">
      <Filter>Dependencies\glm\ext</Filter>
    </None>
    <None Include="dependencies\glm\glm\ext\scalar_relational.inl">
      <Filter>Dependencies\glm\ext</Filter>
    </None>
    <None Include="dependencies\glm\glm\ext\scalar_ulp.inl">
      <Filter>Dependencies\glm\ext</Filter>
    </None>
    <None Include="dependencies\glm\glm\ext\vector_common.inl">
      <Filter>Dependencies\glm\ext</Filter>
    </None>
    <None Include="dependencies\glm\glm\ext\vector_integer.inl">
      <Filter>Dependencies\glm\ext</Filter>
    </None>
    <None Include="dependencies\glm\glm\ext\vector_packing.inl">
      <Filter>Dependencies\glm\ext</Filter>
    </None>
    <None Include="dependencies\glm\glm\ext\vector_reciprocal.inl">
      <Filter>Dependencies\glm\ext</Filter>
    </None>
    <None Include="dependencies\glm\glm\ext\vector_relational.inl">
      <Filter>Dependencies\glm\ext</Filter>
    </None>
    <None Include="dependencies\glm\glm\ext\vector_ulp.inl">
      <Filter>Dependencies\glm\ext</Filter>
    </None>
    <None Include="dependencies\glm\glm\gtc\bitfield.inl">
      <Filter>Dependencies\glm\gtc</Filter>
    </None>
    <None Include="dependencies\glm\glm\gtc\color_space.inl">
      <Filter>Dependencies\glm\gtc</Filter>
    </None>
    <None Include="dependencies\glm\glm\gtc\constants.inl">
      <Filter>Dependencies\glm\gtc</Filter>
    </None>
    <None Include="dependencies\glm\glm\gtc\epsilon.inl">
      <Filter>Dependencies\glm\gtc</Filter>
    </None>
    <None Include="dependencies\glm\glm\gtc\integer.inl">
      <Filter>Dependencies\glm\gtc</Filter>
    </None>
    <None Include="dependencies\glm\glm\gtc\matrix_access.inl">
      <Filter>Dependencies\glm\gtc</Filter>
    </None>
    <None Include="dependencies\glm\glm\gtc\matrix_inverse.inl">
      <Filter>Dependencies\glm\gtc</Filter>
    </None>
    <None Include="dependencies\glm\glm\gtc\matrix_transform.inl">
      <Filter>Dependencies\glm\gtc</Filter>
    </None>
    <None Include="dependencies\glm\glm\gtc\noise.inl">
      <Filter>Dependencies\glm\gtc</Filter>
    </None>
    <None Include="dependencies\glm\glm\gtc\packing.inl">
      <Filter>Dependencies\glm\gtc</Filter>
    </None>
    <None Include="dependencies\glm\glm\gtc\quaternion.inl">
      <Filter>Dependencies\glm\gtc</Filter>
    </None>
    <None Include="dependencies\glm\glm\gtc\quaternion_simd.inl">
      <Filter>Dependencies\glm\gtc</Filter>
    </None>
    <None Include="dependencies\glm\glm\gtc\random.inl">
      <Filter>Dependencies\glm\gtc</Filter>
    </None>
    <None Include="dependencies\glm\glm\gtc\round.inl">
      <Filter>Dependencies\glm\gtc</Filter>
    </None>
    <None Include="dependencies\glm\glm\gtc\type_precision.inl">
      <Filter>Dependencies\glm\gtc</Filter>
    </None>
    <None Include="dependencies\glm\glm\gtc\type_ptr.inl">
      <Filter>Dependencies\glm\gtc</Filter>
    </None>
    <None Include="dependencies\glm\glm\gtc\ulp.inl">
      <Filter>Dependencies\glm\gtc</Filter>
    </None>
    <None Include="dependencies\glm\glm\gtx\associated_min_max.inl">
      <Filter>Dependencies\glm\gtx</Filter>
    </None>
    <None Include="dependencies\glm\glm\gtx\bit.inl">
      <Filter>Dependencies\glm\gtx</Filter>
    </None>
    <None Include="dependencies\glm\glm\gtx\closest_point.inl">
      <Filter>Dependencies\glm\gtx</Filter>
    </None>
    <None Include="dependencies\glm\glm\gtx\color_encoding.inl">
      <Filter>Dependencies\glm\gtx</Filter>
    </None>
    <None Include="dependencies\glm\glm\gtx\color_space.inl">
      <Filter>Dependencies\glm\gtx</Filter>
    </None>
    <None Include="dependencies\glm\glm\gtx\color_space_YCoCg.inl">
      <Filter>Dependencies\glm\gtx</Filter>
    </None>
    <None Include="dependencies\glm\glm\gtx\common.inl">
      <Filter>Dependencies\glm\gtx</Filter>
    </None>
    <None Include="dependencies\glm\glm\gtx\compatibility.inl">
      <Filter>Dependencies\glm\gtx</Filter>
    </None>
    <None Include="dependencies\glm\glm\gtx\component_wise.inl">
      <Filter>Dependencies\glm\gtx</Filter>
    </None>
    <None Include="dependencies\glm\glm\gtx\dual_quaternion.inl">
      <Filter>Dependencies\glm\gtx</Filter>
    </None>
    <None Include="dependencies\glm\glm\gtx\easing.inl">
      <Filter>Dependencies\glm\gtx</Filter>
    </None>
    <None Include="dependencies\glm\glm\gtx\euler_angles.inl">
      <Filter>Dependencies\glm\gtx</Filter>
    </None>
    <None Include="dependencies\glm\glm\gtx\extend.inl">
      <Filter>Dependencies\glm\gtx</Filter>
    </None>
    <None Include="dependencies\glm\glm\gtx\extended_min_max.inl">
      <Filter>Dependencies\glm\gtx</Filter>
    </None>
    <None Include="dependencies\glm\glm\gtx\exterior_product.inl">
      <Filter>Dependencies\glm\gtx</Filter>
    </None>
    <None Include="dependencies\glm\glm\gtx\fast_exponential.inl">
      <Filter>Dependencies\glm\gtx</Filter>
    </None>
    <None Include="dependencies\glm\glm\gtx\fast_square_root.inl">
      <Filter>Dependencies\glm\gtx</Filter>
    </None>
    <None Include="dependencies\glm\glm\gtx\fast_trigonometry.inl">
      <Filter>Dependencies\glm\gtx</Filter>
    </None>
    <None Include="dependencies\glm\glm\gtx\float_notmalize.inl">
      <Filter>Dependencies\glm\gtx</Filter>
    </None>
    <None Include="dependencies\glm\glm\gtx\functions.inl">
      <Filter>Dependencies\glm\gtx</Filter>
    </None>
    <None Include="dependencies\glm\glm\gtx\gradient_paint.inl">
      <Filter>Dependencies\glm\gtx</Filter>
    </None>
    <None Include="dependencies\glm\glm\gtx\handed_coordinate_space.inl">
      <Filter>Dependencies\glm\gtx</Filter>
    </None>
    <None Include="dependencies\glm\glm\gtx\hash.inl">
      <Filter>Dependencies\glm\gtx</Filter>
    </None>
    <None Include="dependencies\glm\glm\gtx\integer.inl">
      <Filter>Dependencies\glm\gtx</Filter>
    </None>
    <None Include="dependencies\glm\glm\gtx\intersect.inl">
      <Filter>Dependencies\glm\gtx</Filter>
    </None>
    <None Include="dependencies\glm\glm\gtx\io.inl">
      <Filter>Dependencies\glm\gtx</Filter>
    </None>
    <None Include="dependencies\glm\glm\gtx\log_base.inl">
      <Filter>Dependencies\glm\gtx</Filter>
    </None>
    <None Include="dependencies\glm\glm\gtx\matrix_cross_product.inl">
      <Filter>Dependencies\glm\gtx</Filter>
    </None>
    <None Include="dependencies\glm\glm\gtx\matrix_decompose.inl">
      <Filter>Dependencies\glm\gtx</Filter>
    </None>
    <None Include="dependencies\glm\glm\gtx\matrix_factorisation.inl">
      <Filter>Dependencies\glm\gtx</Filter>
    </None>
    <None Include="dependencies\glm\glm\gtx\matrix_interpolation.inl">
      <Filter>Dependencies\glm\gtx</Filter>
    </None>
    <None Include="dependencies\glm\glm\gtx\matrix_major_storage.inl">
      <Filter>Dependencies\glm\gtx</Filter>
    </None>
    <None Include="dependencies\glm\glm\gtx\matrix_operation.inl">
      <Filter>Dependencies\glm\gtx</Filter>
    </None>
    <None Include="dependencies\glm\glm\gtx\matrix_query.inl">
      <Filter>Dependencies\glm\gtx</Filter>
    </None>
    <None Include="dependencies\glm\glm\gtx\matrix_transform_2d.inl">
      <Filter>Dependencies\glm\gtx</Filter>
    </None>
    <None Include="dependencies\glm\glm\gtx\mixed_product.inl">
      <Filter>Dependencies\glm\gtx</Filter>
    </None>
    <None Include="dependencies\glm\glm\gtx\norm.inl">
      <Filter>Dependencies\glm\gtx</Filter>
    </None>
    <None Include="dependencies\glm\glm\gtx\normal.inl">
      <Filter>Dependencies\glm\gtx</Filter>
    </None>
    <None Include="dependencies\glm\glm\gtx\normalize_dot.inl">
      <Filter>Dependencies\glm\gtx</Filter>
    </None>
    <None Include="dependencies\glm\glm\gtx\number_precision.inl">
      <Filter>Dependencies\glm\gtx</Filter>
    </None>
    <None Include="dependencies\glm\glm\gtx\optimum_pow.inl">
      <Filter>Dependencies\glm\gtx</Filter>
    </None>
    <None Include="dependencies\glm\glm\gtx\orthonormalize.inl">
      <Filter>Dependencies\glm\gtx</Filter>
    </None>
    <None Include="dependencies\glm\glm\gtx\pca.inl">
      <Filter>Dependencies\glm\gtx</Filter>
    </None>
    <None Include="dependencies\glm\glm\gtx\perpendicular.inl">
      <Filter>Dependencies\glm\gtx</Filter>
    </None>
    <None Include="dependencies\glm\glm\gtx\polar_coordinates.inl">
      <Filter>Dependencies\glm\gtx</Filter>
    </None>
    <None Include="dependencies\glm\glm\gtx\projection.inl">
      <Filter>Dependencies\glm\gtx</Filter>
    </None>
    <None Include="dependencies\glm\glm\gtx\quaternion.inl">
      <Filter>Dependencies\glm\gtx</Filter>
    </None>
    <None Include="dependencies\glm\glm\gtx\raw_data.inl">
      <Filter>Dependencies\glm\gtx</Filter>
    </None>
    <None Include="dependencies\glm\glm\gtx\rotate_normalized_axis.inl">
      <Filter>Dependencies\glm\gtx</Filter>
    </None>
    <None Include="dependencies\glm\glm\gtx\rotate_vector.inl">
      <Filter>Dependencies\glm\gtx</Filter>
    </None>
    <None Include="dependencies\glm\glm\gtx\scalar_relational.inl">
      <Filter>Dependencies\glm\gtx</Filter>
    </None>
    <None Include="dependencies\glm\glm\gtx\spline.inl">
      <Filter>Dependencies\glm\gtx</Filter>
    </None>
    <None Include="dependencies\glm\glm\gtx\std_based_type.inl">
      <Filter>Dependencies\glm\gtx</Filter>
    </None>
    <None Include="dependencies\glm\glm\gtx\string_cast.inl">
      <Filter>Dependencies\glm\gtx</Filter>
    </None>
    <None Include="dependencies\glm\glm\gtx\texture.inl">
      <Filter>Dependencies\glm\gtx</Filter>
    </None>
    <None Include="dependencies\glm\glm\gtx\transform.inl">
      <Filter>Dependencies\glm\gtx</Filter>
    </None>
    <None Include="dependencies\glm\glm\gtx\transform2.inl">
      <Filter>Dependencies\glm\gtx</Filter>
    </None>
    <None Include="dependencies\glm\glm\gtx\type_aligned.inl">
      <Filter>Dependencies\glm\gtx</Filter>
    </None>
    <None Include="dependencies\glm\glm\gtx\type_trait.inl">
      <Filter>Dependencies\glm\gtx</Filter>
    </None>
    <None Include="dependencies\glm\glm\gtx\vector_angle.inl">
      <Filter>Dependencies\glm\gtx</Filter>
    </None>
    <None Include="dependencies\glm\glm\gtx\vector_query.inl">
      <Filter>Dependencies\glm\gtx</Filter>
    </None>
    <None Include="dependencies\glm\glm\gtx\wrap.inl">
      <Filter>Dependencies\glm\gtx</Filter>
    </None>
    <None Include="cpp.hint" />
  </ItemGroup>
  <ItemGroup>
    <Library Include="dependencies\funchook\include\distormx.lib">
      <Filter>Dependencies\funchook\include</Filter>
    </Library>
  </ItemGroup>
  <ItemGroup>
    <FxCompile Include="src\sdk\shaders\gaussian_blur_y.hlsl">
      <Filter>Resource Files\Shaders</Filter>
    </FxCompile>
    <FxCompile Include="src\sdk\shaders\gaussian_blur_x.hlsl">
      <Filter>Resource Files\Shaders</Filter>
    </FxCompile>
    <FxCompile Include="src\sdk\shaders\CopyPS.hlsl">
      <Filter>Resource Files\Shaders</Filter>
    </FxCompile>
  </ItemGroup>
</Project>